// !$*UTF8*$!
{
	archiveVersion = 1;
	classes = {
	};
	objectVersion = 55;
	objects = {

/* Begin PBXBuildFile section */
		7E07476D28C53771003FF24C /* 문자열 내림차순으로.swift in Sources */ = {isa = PBXBuildFile; fileRef = 7E07476C28C53771003FF24C /* 문자열 내림차순으로.swift */; };
		7E07476F28C53791003FF24C /* 나누어 떨어지는 숫자 배열.swift in Sources */ = {isa = PBXBuildFile; fileRef = 7E07476E28C53791003FF24C /* 나누어 떨어지는 숫자 배열.swift */; };
		7E1044DA28EB47E80067C4C6 /* 없는 숫자 더하기.swift in Sources */ = {isa = PBXBuildFile; fileRef = 7E1044D928EB47E80067C4C6 /* 없는 숫자 더하기.swift */; };
		7E1BEA8E290FAB2200C6635A /* 다음에 올 숫자.swift in Sources */ = {isa = PBXBuildFile; fileRef = 7E1BEA8D290FAB2200C6635A /* 다음에 올 숫자.swift */; };
		7E1BEA90290FB52E00C6635A /* 저주의 숫자3.swift in Sources */ = {isa = PBXBuildFile; fileRef = 7E1BEA8F290FB52E00C6635A /* 저주의 숫자3.swift */; };
		7E1D934A28D9A4E900BA072D /* 서울에서 김서방 찾기.swift in Sources */ = {isa = PBXBuildFile; fileRef = 7E1D934928D9A4E900BA072D /* 서울에서 김서방 찾기.swift */; };
		7E1D990C28E26EF90088965A /* 하샤드 수.swift in Sources */ = {isa = PBXBuildFile; fileRef = 7E1D990B28E26EF90088965A /* 하샤드 수.swift */; };
		7E22382D28BB4AF700C43056 /* 문자열 정수로 바꾸기.swift in Sources */ = {isa = PBXBuildFile; fileRef = 7E22382C28BB4AF700C43056 /* 문자열 정수로 바꾸기.swift */; };
		7E255583291A94C60058290F /* 삼총사.swift in Sources */ = {isa = PBXBuildFile; fileRef = 7E255582291A94C60058290F /* 삼총사.swift */; };
		7E255585291A9D0C0058290F /* 컨트롤제트.swift in Sources */ = {isa = PBXBuildFile; fileRef = 7E255584291A9D0C0058290F /* 컨트롤제트.swift */; };
		7E266C1B28F67BEA00DBCD91 /* 이상한 문자 만들기.swift in Sources */ = {isa = PBXBuildFile; fileRef = 7E266C1A28F67BEA00DBCD91 /* 이상한 문자 만들기.swift */; };
		7E2845A328F78396006F55F3 /* 3진법 뒤집기.swift in Sources */ = {isa = PBXBuildFile; fileRef = 7E2845A228F78396006F55F3 /* 3진법 뒤집기.swift */; };
		7E2845A528F787C5006F55F3 /* 최댓값과 최솟값.swift in Sources */ = {isa = PBXBuildFile; fileRef = 7E2845A428F787C5006F55F3 /* 최댓값과 최솟값.swift */; };
		7E2D3C32290B5A1B00AE186A /* Climbing Stairs.swift in Sources */ = {isa = PBXBuildFile; fileRef = 7E2D3C31290B5A1B00AE186A /* Climbing Stairs.swift */; };
		7E305BBE28D2F61300EB4922 /* 문자열 내 p와 y의 개수.swift in Sources */ = {isa = PBXBuildFile; fileRef = 7E305BBD28D2F61300EB4922 /* 문자열 내 p와 y의 개수.swift */; };
		7E38584628EBAB4E00AAC490 /* k번째 수.swift in Sources */ = {isa = PBXBuildFile; fileRef = 7E38584528EBAB4E00AAC490 /* k번째 수.swift */; };
		7E40B9702900C8AA00004E1E /* 모의고사.swift in Sources */ = {isa = PBXBuildFile; fileRef = 7E40B96F2900C8AA00004E1E /* 모의고사.swift */; };
		7E42B3B628E40E6000EE532F /* 예산.swift in Sources */ = {isa = PBXBuildFile; fileRef = 7E42B3B528E40E6000EE532F /* 예산.swift */; };
		7E44732B28B85BC4001C82C2 /* main.swift in Sources */ = {isa = PBXBuildFile; fileRef = 7E44732A28B85BC4001C82C2 /* main.swift */; };
		7E44733328B85BE6001C82C2 /* 수박.swift in Sources */ = {isa = PBXBuildFile; fileRef = 7E44733228B85BE6001C82C2 /* 수박.swift */; };
		7E44733528B85DE0001C82C2 /* 평균구하기.swift in Sources */ = {isa = PBXBuildFile; fileRef = 7E44733428B85DE0001C82C2 /* 평균구하기.swift */; };
		7E46431328BDDADC00D30A65 /* 핸드폰 번호 가리기.swift in Sources */ = {isa = PBXBuildFile; fileRef = 7E46431228BDDADC00D30A65 /* 핸드폰 번호 가리기.swift */; };
		7E46431528BDDB4800D30A65 /* 2016년.swift in Sources */ = {isa = PBXBuildFile; fileRef = 7E46431428BDDB4800D30A65 /* 2016년.swift */; };
		7E4CAC5C28E8002200C5F3DB /* 콜라츠 추측.swift in Sources */ = {isa = PBXBuildFile; fileRef = 7E4CAC5B28E8002200C5F3DB /* 콜라츠 추측.swift */; };
		7E4CAC5E28E8063000C5F3DB /* 제일 작은 수 제거.swift in Sources */ = {isa = PBXBuildFile; fileRef = 7E4CAC5D28E8063000C5F3DB /* 제일 작은 수 제거.swift */; };
		7E50CB5F28FE258200E75766 /* JadenCase 문자열 만들기.swift in Sources */ = {isa = PBXBuildFile; fileRef = 7E50CB5E28FE258200E75766 /* JadenCase 문자열 만들기.swift */; };
		7E55D50928DEC55800CAAE96 /* 정수 제곱근 판별.swift in Sources */ = {isa = PBXBuildFile; fileRef = 7E55D50828DEC55800CAAE96 /* 정수 제곱근 판별.swift */; };
		7E59854B28FA58DA002B2357 /* 숫자 문자열과 영단어.swift in Sources */ = {isa = PBXBuildFile; fileRef = 7E59854A28FA58DA002B2357 /* 숫자 문자열과 영단어.swift */; };
		7E5A94B6290E60D700B759B0 /* Add Twoo Integers.swift in Sources */ = {isa = PBXBuildFile; fileRef = 7E5A94B5290E60D700B759B0 /* Add Twoo Integers.swift */; };
		7E5C723C28BA65670005AE2C /* 직사각형 별찍기.swift in Sources */ = {isa = PBXBuildFile; fileRef = 7E5C723B28BA65670005AE2C /* 직사각형 별찍기.swift */; };
		7E69E15B28F00D160097E515 /* 두개 뽑아서 더하기.swift in Sources */ = {isa = PBXBuildFile; fileRef = 7E69E15A28F00D160097E515 /* 두개 뽑아서 더하기.swift */; };
		7E6AE62E28BF2AF20062FE5B /* 가운데 글자 가져오기.swift in Sources */ = {isa = PBXBuildFile; fileRef = 7E6AE62D28BF2AF20062FE5B /* 가운데 글자 가져오기.swift */; };
		7E8201F628D468CB00AEC0BF /* 휴식주.swift in Sources */ = {isa = PBXBuildFile; fileRef = 7E8201F528D468CB00AEC0BF /* 휴식주.swift */; };
		7E8201F928D468DE00AEC0BF /* 문자열 다루기 기본.swift in Sources */ = {isa = PBXBuildFile; fileRef = 7E8201F828D468DE00AEC0BF /* 문자열 다루기 기본.swift */; };
		7E861FB428FEE8DE00C2026A /* 이진 변환 반복하기.swift in Sources */ = {isa = PBXBuildFile; fileRef = 7E861FB328FEE8DE00C2026A /* 이진 변환 반복하기.swift */; };
		7E93E5F128C65A7900C270B1 /* 내적.swift in Sources */ = {isa = PBXBuildFile; fileRef = 7E93E5F028C65A7900C270B1 /* 내적.swift */; };
		7E96D1DE29026D34009345E8 /* TwoSum.swift in Sources */ = {isa = PBXBuildFile; fileRef = 7E96D1DD29026D34009345E8 /* TwoSum.swift */; };
		7EC751EB28C792BD00C838A5 /* 두 정수 사이의 합.swift in Sources */ = {isa = PBXBuildFile; fileRef = 7EC751EA28C792BD00C838A5 /* 두 정수 사이의 합.swift */; };
		7EDF34D728DA8BA7008546E2 /* 짝수와 홀수.swift in Sources */ = {isa = PBXBuildFile; fileRef = 7EDF34D628DA8BA7008546E2 /* 짝수와 홀수.swift */; };
/* End PBXBuildFile section */

/* Begin PBXCopyFilesBuildPhase section */
		7E44732528B85BC4001C82C2 /* CopyFiles */ = {
			isa = PBXCopyFilesBuildPhase;
			buildActionMask = 2147483647;
			dstPath = /usr/share/man/man1/;
			dstSubfolderSpec = 0;
			files = (
			);
			runOnlyForDeploymentPostprocessing = 1;
		};
/* End PBXCopyFilesBuildPhase section */

/* Begin PBXFileReference section */
		7E07476C28C53771003FF24C /* 문자열 내림차순으로.swift */ = {isa = PBXFileReference; lastKnownFileType = sourcecode.swift; path = "문자열 내림차순으로.swift"; sourceTree = "<group>"; };
		7E07476E28C53791003FF24C /* 나누어 떨어지는 숫자 배열.swift */ = {isa = PBXFileReference; lastKnownFileType = sourcecode.swift; path = "나누어 떨어지는 숫자 배열.swift"; sourceTree = "<group>"; };
		7E1044D928EB47E80067C4C6 /* 없는 숫자 더하기.swift */ = {isa = PBXFileReference; lastKnownFileType = sourcecode.swift; path = "없는 숫자 더하기.swift"; sourceTree = "<group>"; };
		7E1BEA8D290FAB2200C6635A /* 다음에 올 숫자.swift */ = {isa = PBXFileReference; lastKnownFileType = sourcecode.swift; path = "다음에 올 숫자.swift"; sourceTree = "<group>"; };
		7E1BEA8F290FB52E00C6635A /* 저주의 숫자3.swift */ = {isa = PBXFileReference; lastKnownFileType = sourcecode.swift; path = "저주의 숫자3.swift"; sourceTree = "<group>"; };
		7E1D934928D9A4E900BA072D /* 서울에서 김서방 찾기.swift */ = {isa = PBXFileReference; lastKnownFileType = sourcecode.swift; path = "서울에서 김서방 찾기.swift"; sourceTree = "<group>"; };
		7E1D990B28E26EF90088965A /* 하샤드 수.swift */ = {isa = PBXFileReference; lastKnownFileType = sourcecode.swift; path = "하샤드 수.swift"; sourceTree = "<group>"; };
		7E22382C28BB4AF700C43056 /* 문자열 정수로 바꾸기.swift */ = {isa = PBXFileReference; lastKnownFileType = sourcecode.swift; path = "문자열 정수로 바꾸기.swift"; sourceTree = "<group>"; };
		7E255582291A94C60058290F /* 삼총사.swift */ = {isa = PBXFileReference; lastKnownFileType = sourcecode.swift; path = "삼총사.swift"; sourceTree = "<group>"; };
		7E255584291A9D0C0058290F /* 컨트롤제트.swift */ = {isa = PBXFileReference; lastKnownFileType = sourcecode.swift; path = "컨트롤제트.swift"; sourceTree = "<group>"; };
		7E266C1A28F67BEA00DBCD91 /* 이상한 문자 만들기.swift */ = {isa = PBXFileReference; lastKnownFileType = sourcecode.swift; path = "이상한 문자 만들기.swift"; sourceTree = "<group>"; };
		7E2845A228F78396006F55F3 /* 3진법 뒤집기.swift */ = {isa = PBXFileReference; lastKnownFileType = sourcecode.swift; path = "3진법 뒤집기.swift"; sourceTree = "<group>"; };
		7E2845A428F787C5006F55F3 /* 최댓값과 최솟값.swift */ = {isa = PBXFileReference; lastKnownFileType = sourcecode.swift; path = "최댓값과 최솟값.swift"; sourceTree = "<group>"; };
		7E2D3C31290B5A1B00AE186A /* Climbing Stairs.swift */ = {isa = PBXFileReference; lastKnownFileType = sourcecode.swift; path = "Climbing Stairs.swift"; sourceTree = "<group>"; };
		7E305BBD28D2F61300EB4922 /* 문자열 내 p와 y의 개수.swift */ = {isa = PBXFileReference; lastKnownFileType = sourcecode.swift; path = "문자열 내 p와 y의 개수.swift"; sourceTree = "<group>"; };
		7E38584528EBAB4E00AAC490 /* k번째 수.swift */ = {isa = PBXFileReference; lastKnownFileType = sourcecode.swift; path = "k번째 수.swift"; sourceTree = "<group>"; };
		7E40B96F2900C8AA00004E1E /* 모의고사.swift */ = {isa = PBXFileReference; lastKnownFileType = sourcecode.swift; path = "모의고사.swift"; sourceTree = "<group>"; };
		7E42B3B528E40E6000EE532F /* 예산.swift */ = {isa = PBXFileReference; lastKnownFileType = sourcecode.swift; path = "예산.swift"; sourceTree = "<group>"; };
		7E44732728B85BC4001C82C2 /* Hoony */ = {isa = PBXFileReference; explicitFileType = "compiled.mach-o.executable"; includeInIndex = 0; path = Hoony; sourceTree = BUILT_PRODUCTS_DIR; };
		7E44732A28B85BC4001C82C2 /* main.swift */ = {isa = PBXFileReference; lastKnownFileType = sourcecode.swift; path = main.swift; sourceTree = "<group>"; };
		7E44733228B85BE6001C82C2 /* 수박.swift */ = {isa = PBXFileReference; lastKnownFileType = sourcecode.swift; path = "수박.swift"; sourceTree = "<group>"; };
		7E44733428B85DE0001C82C2 /* 평균구하기.swift */ = {isa = PBXFileReference; lastKnownFileType = sourcecode.swift; path = "평균구하기.swift"; sourceTree = "<group>"; };
		7E46431228BDDADC00D30A65 /* 핸드폰 번호 가리기.swift */ = {isa = PBXFileReference; lastKnownFileType = sourcecode.swift; path = "핸드폰 번호 가리기.swift"; sourceTree = "<group>"; };
		7E46431428BDDB4800D30A65 /* 2016년.swift */ = {isa = PBXFileReference; lastKnownFileType = sourcecode.swift; path = "2016년.swift"; sourceTree = "<group>"; };
		7E4CAC5B28E8002200C5F3DB /* 콜라츠 추측.swift */ = {isa = PBXFileReference; lastKnownFileType = sourcecode.swift; path = "콜라츠 추측.swift"; sourceTree = "<group>"; };
		7E4CAC5D28E8063000C5F3DB /* 제일 작은 수 제거.swift */ = {isa = PBXFileReference; lastKnownFileType = sourcecode.swift; path = "제일 작은 수 제거.swift"; sourceTree = "<group>"; };
		7E50CB5E28FE258200E75766 /* JadenCase 문자열 만들기.swift */ = {isa = PBXFileReference; lastKnownFileType = sourcecode.swift; path = "JadenCase 문자열 만들기.swift"; sourceTree = "<group>"; };
		7E55D50828DEC55800CAAE96 /* 정수 제곱근 판별.swift */ = {isa = PBXFileReference; lastKnownFileType = sourcecode.swift; path = "정수 제곱근 판별.swift"; sourceTree = "<group>"; };
		7E59854A28FA58DA002B2357 /* 숫자 문자열과 영단어.swift */ = {isa = PBXFileReference; lastKnownFileType = sourcecode.swift; path = "숫자 문자열과 영단어.swift"; sourceTree = "<group>"; };
		7E5A94B5290E60D700B759B0 /* Add Twoo Integers.swift */ = {isa = PBXFileReference; lastKnownFileType = sourcecode.swift; path = "Add Twoo Integers.swift"; sourceTree = "<group>"; };
		7E5C723B28BA65670005AE2C /* 직사각형 별찍기.swift */ = {isa = PBXFileReference; lastKnownFileType = sourcecode.swift; path = "직사각형 별찍기.swift"; sourceTree = "<group>"; };
		7E69E15A28F00D160097E515 /* 두개 뽑아서 더하기.swift */ = {isa = PBXFileReference; lastKnownFileType = sourcecode.swift; path = "두개 뽑아서 더하기.swift"; sourceTree = "<group>"; };
		7E6AE62D28BF2AF20062FE5B /* 가운데 글자 가져오기.swift */ = {isa = PBXFileReference; lastKnownFileType = sourcecode.swift; path = "가운데 글자 가져오기.swift"; sourceTree = "<group>"; };
		7E8201F528D468CB00AEC0BF /* 휴식주.swift */ = {isa = PBXFileReference; lastKnownFileType = sourcecode.swift; path = "휴식주.swift"; sourceTree = "<group>"; };
		7E8201F828D468DE00AEC0BF /* 문자열 다루기 기본.swift */ = {isa = PBXFileReference; lastKnownFileType = sourcecode.swift; path = "문자열 다루기 기본.swift"; sourceTree = "<group>"; };
		7E861FB328FEE8DE00C2026A /* 이진 변환 반복하기.swift */ = {isa = PBXFileReference; lastKnownFileType = sourcecode.swift; path = "이진 변환 반복하기.swift"; sourceTree = "<group>"; };
		7E93E5F028C65A7900C270B1 /* 내적.swift */ = {isa = PBXFileReference; lastKnownFileType = sourcecode.swift; path = "내적.swift"; sourceTree = "<group>"; };
		7E96D1DD29026D34009345E8 /* TwoSum.swift */ = {isa = PBXFileReference; lastKnownFileType = sourcecode.swift; path = TwoSum.swift; sourceTree = "<group>"; };
		7EC751EA28C792BD00C838A5 /* 두 정수 사이의 합.swift */ = {isa = PBXFileReference; lastKnownFileType = sourcecode.swift; path = "두 정수 사이의 합.swift"; sourceTree = "<group>"; };
		7EDF34D628DA8BA7008546E2 /* 짝수와 홀수.swift */ = {isa = PBXFileReference; lastKnownFileType = sourcecode.swift; path = "짝수와 홀수.swift"; sourceTree = "<group>"; };
/* End PBXFileReference section */

/* Begin PBXFrameworksBuildPhase section */
		7E44732428B85BC4001C82C2 /* Frameworks */ = {
			isa = PBXFrameworksBuildPhase;
			buildActionMask = 2147483647;
			files = (
			);
			runOnlyForDeploymentPostprocessing = 0;
		};
/* End PBXFrameworksBuildPhase section */

/* Begin PBXGroup section */
		7E255581291A94630058290F /* Week 12 */ = {
			isa = PBXGroup;
			children = (
				7E255582291A94C60058290F /* 삼총사.swift */,
				7E255584291A9D0C0058290F /* 컨트롤제트.swift */,
			);
			path = "Week 12";
			sourceTree = "<group>";
		};
		7E44731E28B85BC4001C82C2 = {
			isa = PBXGroup;
			children = (
				7E44732928B85BC4001C82C2 /* Hoony */,
				7E44732828B85BC4001C82C2 /* Products */,
			);
			sourceTree = "<group>";
		};
		7E44732828B85BC4001C82C2 /* Products */ = {
			isa = PBXGroup;
			children = (
				7E44732728B85BC4001C82C2 /* Hoony */,
			);
			name = Products;
			sourceTree = "<group>";
		};
		7E44732928B85BC4001C82C2 /* Hoony */ = {
			isa = PBXGroup;
			children = (
				7E255581291A94630058290F /* Week 12 */,
				7E5A94B4290E60C600B759B0 /* Week 11 */,
				7E96D1DC29026D26009345E8 /* Week 10 */,
				7E59854928FA58CD002B2357 /* Week 09 */,
				7E69E15928F00D060097E515 /* Week 08 */,
				7E4CAC5A28E8001800C5F3DB /* Week 07 */,
				7E55D50728DEC54E00CAAE96 /* Week 06 */,
				7E8201F728D468D600AEC0BF /* Week 05 */,
				7E8201F428D468BC00AEC0BF /* Week 04 */,
				7EC751E928C792AF00C838A5 /* Week 03 */,
				7E46431628BDDB5B00D30A65 /* Week 02 */,
				7E44733128B85BCF001C82C2 /* Week 01 */,
				7E44732A28B85BC4001C82C2 /* main.swift */,
			);
			path = Hoony;
			sourceTree = "<group>";
		};
		7E44733128B85BCF001C82C2 /* Week 01 */ = {
			isa = PBXGroup;
			children = (
				7E44733228B85BE6001C82C2 /* 수박.swift */,
				7E44733428B85DE0001C82C2 /* 평균구하기.swift */,
				7E5C723B28BA65670005AE2C /* 직사각형 별찍기.swift */,
				7E22382C28BB4AF700C43056 /* 문자열 정수로 바꾸기.swift */,
				7E46431228BDDADC00D30A65 /* 핸드폰 번호 가리기.swift */,
			);
			path = "Week 01";
			sourceTree = "<group>";
		};
		7E46431628BDDB5B00D30A65 /* Week 02 */ = {
			isa = PBXGroup;
			children = (
				7E46431428BDDB4800D30A65 /* 2016년.swift */,
				7E6AE62D28BF2AF20062FE5B /* 가운데 글자 가져오기.swift */,
				7E07476C28C53771003FF24C /* 문자열 내림차순으로.swift */,
				7E07476E28C53791003FF24C /* 나누어 떨어지는 숫자 배열.swift */,
			);
			path = "Week 02";
			sourceTree = "<group>";
		};
		7E4CAC5A28E8001800C5F3DB /* Week 07 */ = {
			isa = PBXGroup;
			children = (
				7E4CAC5B28E8002200C5F3DB /* 콜라츠 추측.swift */,
				7E4CAC5D28E8063000C5F3DB /* 제일 작은 수 제거.swift */,
				7E1044D928EB47E80067C4C6 /* 없는 숫자 더하기.swift */,
				7E38584528EBAB4E00AAC490 /* k번째 수.swift */,
			);
			path = "Week 07";
			sourceTree = "<group>";
		};
		7E55D50728DEC54E00CAAE96 /* Week 06 */ = {
			isa = PBXGroup;
			children = (
				7E55D50828DEC55800CAAE96 /* 정수 제곱근 판별.swift */,
				7E1D990B28E26EF90088965A /* 하샤드 수.swift */,
				7E42B3B528E40E6000EE532F /* 예산.swift */,
			);
			path = "Week 06";
			sourceTree = "<group>";
		};
		7E59854928FA58CD002B2357 /* Week 09 */ = {
			isa = PBXGroup;
			children = (
				7E59854A28FA58DA002B2357 /* 숫자 문자열과 영단어.swift */,
				7E50CB5E28FE258200E75766 /* JadenCase 문자열 만들기.swift */,
				7E861FB328FEE8DE00C2026A /* 이진 변환 반복하기.swift */,
				7E40B96F2900C8AA00004E1E /* 모의고사.swift */,
			);
			path = "Week 09";
			sourceTree = "<group>";
		};
		7E5A94B4290E60C600B759B0 /* Week 11 */ = {
			isa = PBXGroup;
			children = (
				7E5A94B5290E60D700B759B0 /* Add Twoo Integers.swift */,
				7E1BEA8D290FAB2200C6635A /* 다음에 올 숫자.swift */,
				7E1BEA8F290FB52E00C6635A /* 저주의 숫자3.swift */,
			);
			path = "Week 11";
			sourceTree = "<group>";
		};
		7E69E15928F00D060097E515 /* Week 08 */ = {
			isa = PBXGroup;
			children = (
				7E69E15A28F00D160097E515 /* 두개 뽑아서 더하기.swift */,
				7E266C1A28F67BEA00DBCD91 /* 이상한 문자 만들기.swift */,
				7E2845A228F78396006F55F3 /* 3진법 뒤집기.swift */,
				7E2845A428F787C5006F55F3 /* 최댓값과 최솟값.swift */,
			);
			path = "Week 08";
			sourceTree = "<group>";
		};
		7E8201F428D468BC00AEC0BF /* Week 04 */ = {
			isa = PBXGroup;
			children = (
				7E8201F528D468CB00AEC0BF /* 휴식주.swift */,
			);
			path = "Week 04";
			sourceTree = "<group>";
		};
		7E8201F728D468D600AEC0BF /* Week 05 */ = {
			isa = PBXGroup;
			children = (
				7E8201F828D468DE00AEC0BF /* 문자열 다루기 기본.swift */,
				7E1D934928D9A4E900BA072D /* 서울에서 김서방 찾기.swift */,
				7EDF34D628DA8BA7008546E2 /* 짝수와 홀수.swift */,
			);
			path = "Week 05";
			sourceTree = "<group>";
		};
		7E96D1DC29026D26009345E8 /* Week 10 */ = {
			isa = PBXGroup;
			children = (
				7E96D1DD29026D34009345E8 /* TwoSum.swift */,
				7E2D3C31290B5A1B00AE186A /* Climbing Stairs.swift */,
			);
			path = "Week 10";
			sourceTree = "<group>";
		};
		7EC751E928C792AF00C838A5 /* Week 03 */ = {
			isa = PBXGroup;
			children = (
				7E93E5F028C65A7900C270B1 /* 내적.swift */,
				7EC751EA28C792BD00C838A5 /* 두 정수 사이의 합.swift */,
				7E305BBD28D2F61300EB4922 /* 문자열 내 p와 y의 개수.swift */,
			);
			path = "Week 03";
			sourceTree = "<group>";
		};
/* End PBXGroup section */

/* Begin PBXNativeTarget section */
		7E44732628B85BC4001C82C2 /* Hoony */ = {
			isa = PBXNativeTarget;
			buildConfigurationList = 7E44732E28B85BC4001C82C2 /* Build configuration list for PBXNativeTarget "Hoony" */;
			buildPhases = (
				7E44732328B85BC4001C82C2 /* Sources */,
				7E44732428B85BC4001C82C2 /* Frameworks */,
				7E44732528B85BC4001C82C2 /* CopyFiles */,
			);
			buildRules = (
			);
			dependencies = (
			);
			name = Hoony;
			productName = Hoony;
			productReference = 7E44732728B85BC4001C82C2 /* Hoony */;
			productType = "com.apple.product-type.tool";
		};
/* End PBXNativeTarget section */

/* Begin PBXProject section */
		7E44731F28B85BC4001C82C2 /* Project object */ = {
			isa = PBXProject;
			attributes = {
				BuildIndependentTargetsInParallel = 1;
				LastSwiftUpdateCheck = 1330;
				LastUpgradeCheck = 1330;
				TargetAttributes = {
					7E44732628B85BC4001C82C2 = {
						CreatedOnToolsVersion = 13.3;
					};
				};
			};
			buildConfigurationList = 7E44732228B85BC4001C82C2 /* Build configuration list for PBXProject "Hoony" */;
			compatibilityVersion = "Xcode 13.0";
			developmentRegion = en;
			hasScannedForEncodings = 0;
			knownRegions = (
				en,
				Base,
			);
			mainGroup = 7E44731E28B85BC4001C82C2;
			productRefGroup = 7E44732828B85BC4001C82C2 /* Products */;
			projectDirPath = "";
			projectRoot = "";
			targets = (
				7E44732628B85BC4001C82C2 /* Hoony */,
			);
		};
/* End PBXProject section */

/* Begin PBXSourcesBuildPhase section */
		7E44732328B85BC4001C82C2 /* Sources */ = {
			isa = PBXSourcesBuildPhase;
			buildActionMask = 2147483647;
			files = (
				7E1044DA28EB47E80067C4C6 /* 없는 숫자 더하기.swift in Sources */,
				7E255585291A9D0C0058290F /* 컨트롤제트.swift in Sources */,
				7E1BEA8E290FAB2200C6635A /* 다음에 올 숫자.swift in Sources */,
				7E4CAC5E28E8063000C5F3DB /* 제일 작은 수 제거.swift in Sources */,
				7E38584628EBAB4E00AAC490 /* k번째 수.swift in Sources */,
				7E861FB428FEE8DE00C2026A /* 이진 변환 반복하기.swift in Sources */,
				7E46431328BDDADC00D30A65 /* 핸드폰 번호 가리기.swift in Sources */,
				7E6AE62E28BF2AF20062FE5B /* 가운데 글자 가져오기.swift in Sources */,
				7E2845A528F787C5006F55F3 /* 최댓값과 최솟값.swift in Sources */,
				7E2D3C32290B5A1B00AE186A /* Climbing Stairs.swift in Sources */,
				7E59854B28FA58DA002B2357 /* 숫자 문자열과 영단어.swift in Sources */,
				7E50CB5F28FE258200E75766 /* JadenCase 문자열 만들기.swift in Sources */,
				7E5A94B6290E60D700B759B0 /* Add Twoo Integers.swift in Sources */,
				7E8201F628D468CB00AEC0BF /* 휴식주.swift in Sources */,
				7E40B9702900C8AA00004E1E /* 모의고사.swift in Sources */,
				7E96D1DE29026D34009345E8 /* TwoSum.swift in Sources */,
				7E22382D28BB4AF700C43056 /* 문자열 정수로 바꾸기.swift in Sources */,
				7E44733528B85DE0001C82C2 /* 평균구하기.swift in Sources */,
				7E266C1B28F67BEA00DBCD91 /* 이상한 문자 만들기.swift in Sources */,
				7E44732B28B85BC4001C82C2 /* main.swift in Sources */,
				7E42B3B628E40E6000EE532F /* 예산.swift in Sources */,
				7EC751EB28C792BD00C838A5 /* 두 정수 사이의 합.swift in Sources */,
				7E305BBE28D2F61300EB4922 /* 문자열 내 p와 y의 개수.swift in Sources */,
				7E5C723C28BA65670005AE2C /* 직사각형 별찍기.swift in Sources */,
				7E93E5F128C65A7900C270B1 /* 내적.swift in Sources */,
				7E1D990C28E26EF90088965A /* 하샤드 수.swift in Sources */,
				7E44733328B85BE6001C82C2 /* 수박.swift in Sources */,
				7E4CAC5C28E8002200C5F3DB /* 콜라츠 추측.swift in Sources */,
				7E1BEA90290FB52E00C6635A /* 저주의 숫자3.swift in Sources */,
				7E46431528BDDB4800D30A65 /* 2016년.swift in Sources */,
				7E255583291A94C60058290F /* 삼총사.swift in Sources */,
				7E07476F28C53791003FF24C /* 나누어 떨어지는 숫자 배열.swift in Sources */,
				7E2845A328F78396006F55F3 /* 3진법 뒤집기.swift in Sources */,
				7E1D934A28D9A4E900BA072D /* 서울에서 김서방 찾기.swift in Sources */,
				7EDF34D728DA8BA7008546E2 /* 짝수와 홀수.swift in Sources */,
				7E55D50928DEC55800CAAE96 /* 정수 제곱근 판별.swift in Sources */,
				7E69E15B28F00D160097E515 /* 두개 뽑아서 더하기.swift in Sources */,
				7E07476D28C53771003FF24C /* 문자열 내림차순으로.swift in Sources */,
				7E8201F928D468DE00AEC0BF /* 문자열 다루기 기본.swift in Sources */,
			);
			runOnlyForDeploymentPostprocessing = 0;
		};
/* End PBXSourcesBuildPhase section */

/* Begin XCBuildConfiguration section */
		7E44732C28B85BC4001C82C2 /* Debug */ = {
			isa = XCBuildConfiguration;
			buildSettings = {
				ALWAYS_SEARCH_USER_PATHS = NO;
				CLANG_ANALYZER_NONNULL = YES;
				CLANG_ANALYZER_NUMBER_OBJECT_CONVERSION = YES_AGGRESSIVE;
				CLANG_CXX_LANGUAGE_STANDARD = "gnu++17";
				CLANG_ENABLE_MODULES = YES;
				CLANG_ENABLE_OBJC_ARC = YES;
				CLANG_ENABLE_OBJC_WEAK = YES;
				CLANG_WARN_BLOCK_CAPTURE_AUTORELEASING = YES;
				CLANG_WARN_BOOL_CONVERSION = YES;
				CLANG_WARN_COMMA = YES;
				CLANG_WARN_CONSTANT_CONVERSION = YES;
				CLANG_WARN_DEPRECATED_OBJC_IMPLEMENTATIONS = YES;
				CLANG_WARN_DIRECT_OBJC_ISA_USAGE = YES_ERROR;
				CLANG_WARN_DOCUMENTATION_COMMENTS = YES;
				CLANG_WARN_EMPTY_BODY = YES;
				CLANG_WARN_ENUM_CONVERSION = YES;
				CLANG_WARN_INFINITE_RECURSION = YES;
				CLANG_WARN_INT_CONVERSION = YES;
				CLANG_WARN_NON_LITERAL_NULL_CONVERSION = YES;
				CLANG_WARN_OBJC_IMPLICIT_RETAIN_SELF = YES;
				CLANG_WARN_OBJC_LITERAL_CONVERSION = YES;
				CLANG_WARN_OBJC_ROOT_CLASS = YES_ERROR;
				CLANG_WARN_QUOTED_INCLUDE_IN_FRAMEWORK_HEADER = YES;
				CLANG_WARN_RANGE_LOOP_ANALYSIS = YES;
				CLANG_WARN_STRICT_PROTOTYPES = YES;
				CLANG_WARN_SUSPICIOUS_MOVE = YES;
				CLANG_WARN_UNGUARDED_AVAILABILITY = YES_AGGRESSIVE;
				CLANG_WARN_UNREACHABLE_CODE = YES;
				CLANG_WARN__DUPLICATE_METHOD_MATCH = YES;
				COPY_PHASE_STRIP = NO;
				DEBUG_INFORMATION_FORMAT = dwarf;
				ENABLE_STRICT_OBJC_MSGSEND = YES;
				ENABLE_TESTABILITY = YES;
				GCC_C_LANGUAGE_STANDARD = gnu11;
				GCC_DYNAMIC_NO_PIC = NO;
				GCC_NO_COMMON_BLOCKS = YES;
				GCC_OPTIMIZATION_LEVEL = 0;
				GCC_PREPROCESSOR_DEFINITIONS = (
					"DEBUG=1",
					"$(inherited)",
				);
				GCC_WARN_64_TO_32_BIT_CONVERSION = YES;
				GCC_WARN_ABOUT_RETURN_TYPE = YES_ERROR;
				GCC_WARN_UNDECLARED_SELECTOR = YES;
				GCC_WARN_UNINITIALIZED_AUTOS = YES_AGGRESSIVE;
				GCC_WARN_UNUSED_FUNCTION = YES;
				GCC_WARN_UNUSED_VARIABLE = YES;
				MACOSX_DEPLOYMENT_TARGET = 12.2;
				MTL_ENABLE_DEBUG_INFO = INCLUDE_SOURCE;
				MTL_FAST_MATH = YES;
				ONLY_ACTIVE_ARCH = YES;
				SDKROOT = macosx;
				SWIFT_ACTIVE_COMPILATION_CONDITIONS = DEBUG;
				SWIFT_OPTIMIZATION_LEVEL = "-Onone";
			};
			name = Debug;
		};
		7E44732D28B85BC4001C82C2 /* Release */ = {
			isa = XCBuildConfiguration;
			buildSettings = {
				ALWAYS_SEARCH_USER_PATHS = NO;
				CLANG_ANALYZER_NONNULL = YES;
				CLANG_ANALYZER_NUMBER_OBJECT_CONVERSION = YES_AGGRESSIVE;
				CLANG_CXX_LANGUAGE_STANDARD = "gnu++17";
				CLANG_ENABLE_MODULES = YES;
				CLANG_ENABLE_OBJC_ARC = YES;
				CLANG_ENABLE_OBJC_WEAK = YES;
				CLANG_WARN_BLOCK_CAPTURE_AUTORELEASING = YES;
				CLANG_WARN_BOOL_CONVERSION = YES;
				CLANG_WARN_COMMA = YES;
				CLANG_WARN_CONSTANT_CONVERSION = YES;
				CLANG_WARN_DEPRECATED_OBJC_IMPLEMENTATIONS = YES;
				CLANG_WARN_DIRECT_OBJC_ISA_USAGE = YES_ERROR;
				CLANG_WARN_DOCUMENTATION_COMMENTS = YES;
				CLANG_WARN_EMPTY_BODY = YES;
				CLANG_WARN_ENUM_CONVERSION = YES;
				CLANG_WARN_INFINITE_RECURSION = YES;
				CLANG_WARN_INT_CONVERSION = YES;
				CLANG_WARN_NON_LITERAL_NULL_CONVERSION = YES;
				CLANG_WARN_OBJC_IMPLICIT_RETAIN_SELF = YES;
				CLANG_WARN_OBJC_LITERAL_CONVERSION = YES;
				CLANG_WARN_OBJC_ROOT_CLASS = YES_ERROR;
				CLANG_WARN_QUOTED_INCLUDE_IN_FRAMEWORK_HEADER = YES;
				CLANG_WARN_RANGE_LOOP_ANALYSIS = YES;
				CLANG_WARN_STRICT_PROTOTYPES = YES;
				CLANG_WARN_SUSPICIOUS_MOVE = YES;
				CLANG_WARN_UNGUARDED_AVAILABILITY = YES_AGGRESSIVE;
				CLANG_WARN_UNREACHABLE_CODE = YES;
				CLANG_WARN__DUPLICATE_METHOD_MATCH = YES;
				COPY_PHASE_STRIP = NO;
				DEBUG_INFORMATION_FORMAT = "dwarf-with-dsym";
				ENABLE_NS_ASSERTIONS = NO;
				ENABLE_STRICT_OBJC_MSGSEND = YES;
				GCC_C_LANGUAGE_STANDARD = gnu11;
				GCC_NO_COMMON_BLOCKS = YES;
				GCC_WARN_64_TO_32_BIT_CONVERSION = YES;
				GCC_WARN_ABOUT_RETURN_TYPE = YES_ERROR;
				GCC_WARN_UNDECLARED_SELECTOR = YES;
				GCC_WARN_UNINITIALIZED_AUTOS = YES_AGGRESSIVE;
				GCC_WARN_UNUSED_FUNCTION = YES;
				GCC_WARN_UNUSED_VARIABLE = YES;
				MACOSX_DEPLOYMENT_TARGET = 12.2;
				MTL_ENABLE_DEBUG_INFO = NO;
				MTL_FAST_MATH = YES;
				SDKROOT = macosx;
				SWIFT_COMPILATION_MODE = wholemodule;
				SWIFT_OPTIMIZATION_LEVEL = "-O";
			};
			name = Release;
		};
		7E44732F28B85BC4001C82C2 /* Debug */ = {
			isa = XCBuildConfiguration;
			buildSettings = {
				CODE_SIGN_STYLE = Automatic;
				PRODUCT_NAME = "$(TARGET_NAME)";
				SWIFT_VERSION = 5.0;
			};
			name = Debug;
		};
		7E44733028B85BC4001C82C2 /* Release */ = {
			isa = XCBuildConfiguration;
			buildSettings = {
				CODE_SIGN_STYLE = Automatic;
				PRODUCT_NAME = "$(TARGET_NAME)";
				SWIFT_VERSION = 5.0;
			};
			name = Release;
		};
/* End XCBuildConfiguration section */

/* Begin XCConfigurationList section */
		7E44732228B85BC4001C82C2 /* Build configuration list for PBXProject "Hoony" */ = {
			isa = XCConfigurationList;
			buildConfigurations = (
				7E44732C28B85BC4001C82C2 /* Debug */,
				7E44732D28B85BC4001C82C2 /* Release */,
			);
			defaultConfigurationIsVisible = 0;
			defaultConfigurationName = Release;
		};
		7E44732E28B85BC4001C82C2 /* Build configuration list for PBXNativeTarget "Hoony" */ = {
			isa = XCConfigurationList;
			buildConfigurations = (
				7E44732F28B85BC4001C82C2 /* Debug */,
				7E44733028B85BC4001C82C2 /* Release */,
			);
			defaultConfigurationIsVisible = 0;
			defaultConfigurationName = Release;
		};
/* End XCConfigurationList section */
	};
	rootObject = 7E44731F28B85BC4001C82C2 /* Project object */;
}
