// !$*UTF8*$!
{
	archiveVersion = 1;
	classes = {
	};
	objectVersion = 55;
	objects = {

/* Begin PBXBuildFile section */
		0A629EF228B8555D00BB3961 /* main.swift in Sources */ = {isa = PBXBuildFile; fileRef = 0A629EF128B8555D00BB3961 /* main.swift */; };
		0A629EFA28B855BD00BB3961 /* Squarestar.swift in Sources */ = {isa = PBXBuildFile; fileRef = 0A629EF928B855BD00BB3961 /* Squarestar.swift */; };
		0A629EFC28B8583200BB3961 /* 수박.swift in Sources */ = {isa = PBXBuildFile; fileRef = 0A629EFB28B8583200BB3961 /* 수박.swift */; };
		0A629F0228B8626800BB3961 /* 평균구하기.swift in Sources */ = {isa = PBXBuildFile; fileRef = 0A629F0128B8626800BB3961 /* 평균구하기.swift */; };
		0A629F0428B863BF00BB3961 /* 문자열을 정수로 바꾸기.swift in Sources */ = {isa = PBXBuildFile; fileRef = 0A629F0328B863BF00BB3961 /* 문자열을 정수로 바꾸기.swift */; };
		0A629F0628BA642500BB3961 /* 핸드폰 번호 가리기.swift in Sources */ = {isa = PBXBuildFile; fileRef = 0A629F0528BA642500BB3961 /* 핸드폰 번호 가리기.swift */; };
		0A629F0928BCA45800BB3961 /* 문자열 내림차순으로 배치.swift in Sources */ = {isa = PBXBuildFile; fileRef = 0A629F0828BCA45800BB3961 /* 문자열 내림차순으로 배치.swift */; };
		0A629F0D28BF53FC00BB3961 /* 2016.swift in Sources */ = {isa = PBXBuildFile; fileRef = 0A629F0C28BF53FC00BB3961 /* 2016.swift */; };
		0A629F0F28BF546500BB3961 /* 가운데 글자 가져오기.swift in Sources */ = {isa = PBXBuildFile; fileRef = 0A629F0E28BF546500BB3961 /* 가운데 글자 가져오기.swift */; };
		0A629F1228C5D63500BB3961 /* 내적.swift in Sources */ = {isa = PBXBuildFile; fileRef = 0A629F1128C5D63500BB3961 /* 내적.swift */; };
		0A629F1428C5E2E100BB3961 /* 문자열 내의 P와 Y의 개수.swift in Sources */ = {isa = PBXBuildFile; fileRef = 0A629F1328C5E2E100BB3961 /* 문자열 내의 P와 Y의 개수.swift */; };
		0A629F1628C5EAC300BB3961 /* 두 정수 사이의 합.swift in Sources */ = {isa = PBXBuildFile; fileRef = 0A629F1528C5EAC300BB3961 /* 두 정수 사이의 합.swift */; };
		0A629F1828C842DE00BB3961 /* 나누어 떨어지는 숫자 배열.swift in Sources */ = {isa = PBXBuildFile; fileRef = 0A629F1728C842DE00BB3961 /* 나누어 떨어지는 숫자 배열.swift */; };
		0A629F3528D9725C00BB3961 /* 휴가.swift in Sources */ = {isa = PBXBuildFile; fileRef = 0A629F3428D9725C00BB3961 /* 휴가.swift */; };
		0A629F3728D9728500BB3961 /* 문자열 다루기 기본.swift in Sources */ = {isa = PBXBuildFile; fileRef = 0A629F3628D9728500BB3961 /* 문자열 다루기 기본.swift */; };
		0A629F3928DAADFC00BB3961 /* 짝수와 홀수.swift in Sources */ = {isa = PBXBuildFile; fileRef = 0A629F3828DAADFC00BB3961 /* 짝수와 홀수.swift */; };
		0A629F3B28DAB34000BB3961 /* 서울에서 김서방 찾기.swift in Sources */ = {isa = PBXBuildFile; fileRef = 0A629F3A28DAB34000BB3961 /* 서울에서 김서방 찾기.swift */; };
		0A629F8128DBFE6100BB3961 /* 자연수 뒤집어 배열 만들기.swift in Sources */ = {isa = PBXBuildFile; fileRef = 0A629F8028DBFE6100BB3961 /* 자연수 뒤집어 배열 만들기.swift */; };
		0A629F8328E17EF900BB3961 /* 하샤드 수.swift in Sources */ = {isa = PBXBuildFile; fileRef = 0A629F8228E17EF900BB3961 /* 하샤드 수.swift */; };
		0A629F8528E2D45700BB3961 /* 정수 제곱근 판별.swift in Sources */ = {isa = PBXBuildFile; fileRef = 0A629F8428E2D45700BB3961 /* 정수 제곱근 판별.swift */; };
		0A629F8728E3F4FD00BB3961 /* 자릿수 더하기.swift in Sources */ = {isa = PBXBuildFile; fileRef = 0A629F8628E3F4FD00BB3961 /* 자릿수 더하기.swift */; };
		0A629F8928ED312500BB3961 /* 예산.swift in Sources */ = {isa = PBXBuildFile; fileRef = 0A629F8828ED312500BB3961 /* 예산.swift */; };
		0A629F8C28ED318900BB3961 /* 제일 작은 수 제거.swift in Sources */ = {isa = PBXBuildFile; fileRef = 0A629F8B28ED318900BB3961 /* 제일 작은 수 제거.swift */; };
		0A629F8E28ED31DF00BB3961 /* 없는 숫자 더하기.swift in Sources */ = {isa = PBXBuildFile; fileRef = 0A629F8D28ED31DF00BB3961 /* 없는 숫자 더하기.swift */; };
		0A629F9228ED325E00BB3961 /* 콜라츠 추측.swift in Sources */ = {isa = PBXBuildFile; fileRef = 0A629F9128ED325E00BB3961 /* 콜라츠 추측.swift */; };
		0A629F9428ED329400BB3961 /* 나머지가 1이 되는 수 찾기.swift in Sources */ = {isa = PBXBuildFile; fileRef = 0A629F9328ED329400BB3961 /* 나머지가 1이 되는 수 찾기.swift */; };
		0A629F9828ED333600BB3961 /* 약수의 개수와 덧셈.swift in Sources */ = {isa = PBXBuildFile; fileRef = 0A629F9728ED333500BB3961 /* 약수의 개수와 덧셈.swift */; };
		0A629F9A28ED338F00BB3961 /* k번째 수.swift in Sources */ = {isa = PBXBuildFile; fileRef = 0A629F9928ED338F00BB3961 /* k번째 수.swift */; };
		0A629F9C28ED33E200BB3961 /* 부족한 금액 계산하기.swift in Sources */ = {isa = PBXBuildFile; fileRef = 0A629F9B28ED33E200BB3961 /* 부족한 금액 계산하기.swift */; };
		0A62A00128F661D200BB3961 /* 두개 뽑아서 더하기.swift in Sources */ = {isa = PBXBuildFile; fileRef = 0A62A00028F661D200BB3961 /* 두개 뽑아서 더하기.swift */; };
		0A62A00328F6620D00BB3961 /* 이상한 문자 만들기.swift in Sources */ = {isa = PBXBuildFile; fileRef = 0A62A00228F6620C00BB3961 /* 이상한 문자 만들기.swift */; };
		0A62A00528F6623D00BB3961 /* 3진법 뒤집기.swift in Sources */ = {isa = PBXBuildFile; fileRef = 0A62A00428F6623D00BB3961 /* 3진법 뒤집기.swift */; };
		0A62A00728F6626E00BB3961 /* 최댓값과 최솟값.swift in Sources */ = {isa = PBXBuildFile; fileRef = 0A62A00628F6626E00BB3961 /* 최댓값과 최솟값.swift */; };
		0A62A01028F7EEEA00BB3961 /* 모의고사.swift in Sources */ = {isa = PBXBuildFile; fileRef = 0A62A00F28F7EEEA00BB3961 /* 모의고사.swift */; };
		0A62A01228FF927B00BB3961 /* 문자열과 영단어.swift in Sources */ = {isa = PBXBuildFile; fileRef = 0A62A01128FF927B00BB3961 /* 문자열과 영단어.swift */; };
		0A62A01428FF9C1700BB3961 /* 이진변환 반복.swift in Sources */ = {isa = PBXBuildFile; fileRef = 0A62A01328FF9C1700BB3961 /* 이진변환 반복.swift */; };
		0A62A01628FF9C3800BB3961 /* JadenCase 문자열.swift in Sources */ = {isa = PBXBuildFile; fileRef = 0A62A01528FF9C3800BB3961 /* JadenCase 문자열.swift */; };
		0AAC4CC729090DDA00AF1FDB /* TwoSum.swift in Sources */ = {isa = PBXBuildFile; fileRef = 0AAC4CC629090DDA00AF1FDB /* TwoSum.swift */; };
		0AAC4CC9290926DA00AF1FDB /* Climbing Stairs.swift in Sources */ = {isa = PBXBuildFile; fileRef = 0AAC4CC8290926DA00AF1FDB /* Climbing Stairs.swift */; };
		0AAC4CCB290A623B00AF1FDB /* RomantoInt.swift in Sources */ = {isa = PBXBuildFile; fileRef = 0AAC4CCA290A623B00AF1FDB /* RomantoInt.swift */; };
		0AAC4CD3291235FD00AF1FDB /* Add Two Integers.swift in Sources */ = {isa = PBXBuildFile; fileRef = 0AAC4CD2291235FD00AF1FDB /* Add Two Integers.swift */; };
		0AAC4CD52912362A00AF1FDB /* Move Zeroes.swift in Sources */ = {isa = PBXBuildFile; fileRef = 0AAC4CD42912362A00AF1FDB /* Move Zeroes.swift */; };
		0AAC4CD72912366400AF1FDB /* 다음에 올 숫자.swift in Sources */ = {isa = PBXBuildFile; fileRef = 0AAC4CD62912366400AF1FDB /* 다음에 올 숫자.swift */; };
		0AAC4CD92912369300AF1FDB /* 저주의 숫자 3.swift in Sources */ = {isa = PBXBuildFile; fileRef = 0AAC4CD82912369300AF1FDB /* 저주의 숫자 3.swift */; };
		0AAC4CDC291B749100AF1FDB /* Fizz Buzz.swift in Sources */ = {isa = PBXBuildFile; fileRef = 0AAC4CDB291B749100AF1FDB /* Fizz Buzz.swift */; };
		0AAC4CDE291B8D7F00AF1FDB /* 컨트롤제트.swift in Sources */ = {isa = PBXBuildFile; fileRef = 0AAC4CDD291B8D7F00AF1FDB /* 컨트롤제트.swift */; };
		0AAC4CE0291B8DB300AF1FDB /* 삼총사.swift in Sources */ = {isa = PBXBuildFile; fileRef = 0AAC4CDF291B8DB300AF1FDB /* 삼총사.swift */; };
		0AAC4CE32925182400AF1FDB /* 문자열 밀기.swift in Sources */ = {isa = PBXBuildFile; fileRef = 0AAC4CE22925182400AF1FDB /* 문자열 밀기.swift */; };
		0AAC4CE52925185200AF1FDB /* 숫자짝꿍.swift in Sources */ = {isa = PBXBuildFile; fileRef = 0AAC4CE42925185200AF1FDB /* 숫자짝꿍.swift */; };
/* End PBXBuildFile section */

/* Begin PBXCopyFilesBuildPhase section */
		0A629EEC28B8555D00BB3961 /* CopyFiles */ = {
			isa = PBXCopyFilesBuildPhase;
			buildActionMask = 2147483647;
			dstPath = /usr/share/man/man1/;
			dstSubfolderSpec = 0;
			files = (
			);
			runOnlyForDeploymentPostprocessing = 1;
		};
/* End PBXCopyFilesBuildPhase section */

/* Begin PBXFileReference section */
		0A629EEE28B8555D00BB3961 /* Max */ = {isa = PBXFileReference; explicitFileType = "compiled.mach-o.executable"; includeInIndex = 0; path = Max; sourceTree = BUILT_PRODUCTS_DIR; };
		0A629EF128B8555D00BB3961 /* main.swift */ = {isa = PBXFileReference; lastKnownFileType = sourcecode.swift; path = main.swift; sourceTree = "<group>"; };
		0A629EF928B855BD00BB3961 /* Squarestar.swift */ = {isa = PBXFileReference; lastKnownFileType = sourcecode.swift; path = Squarestar.swift; sourceTree = "<group>"; };
		0A629EFB28B8583200BB3961 /* 수박.swift */ = {isa = PBXFileReference; lastKnownFileType = sourcecode.swift; path = "수박.swift"; sourceTree = "<group>"; };
		0A629F0128B8626800BB3961 /* 평균구하기.swift */ = {isa = PBXFileReference; lastKnownFileType = sourcecode.swift; path = "평균구하기.swift"; sourceTree = "<group>"; };
		0A629F0328B863BF00BB3961 /* 문자열을 정수로 바꾸기.swift */ = {isa = PBXFileReference; lastKnownFileType = sourcecode.swift; path = "문자열을 정수로 바꾸기.swift"; sourceTree = "<group>"; };
		0A629F0528BA642500BB3961 /* 핸드폰 번호 가리기.swift */ = {isa = PBXFileReference; lastKnownFileType = sourcecode.swift; path = "핸드폰 번호 가리기.swift"; sourceTree = "<group>"; };
		0A629F0828BCA45800BB3961 /* 문자열 내림차순으로 배치.swift */ = {isa = PBXFileReference; lastKnownFileType = sourcecode.swift; path = "문자열 내림차순으로 배치.swift"; sourceTree = "<group>"; };
		0A629F0C28BF53FC00BB3961 /* 2016.swift */ = {isa = PBXFileReference; lastKnownFileType = sourcecode.swift; path = 2016.swift; sourceTree = "<group>"; };
		0A629F0E28BF546500BB3961 /* 가운데 글자 가져오기.swift */ = {isa = PBXFileReference; lastKnownFileType = sourcecode.swift; path = "가운데 글자 가져오기.swift"; sourceTree = "<group>"; };
		0A629F1128C5D63500BB3961 /* 내적.swift */ = {isa = PBXFileReference; lastKnownFileType = sourcecode.swift; path = "내적.swift"; sourceTree = "<group>"; };
		0A629F1328C5E2E100BB3961 /* 문자열 내의 P와 Y의 개수.swift */ = {isa = PBXFileReference; lastKnownFileType = sourcecode.swift; path = "문자열 내의 P와 Y의 개수.swift"; sourceTree = "<group>"; };
		0A629F1528C5EAC300BB3961 /* 두 정수 사이의 합.swift */ = {isa = PBXFileReference; lastKnownFileType = sourcecode.swift; path = "두 정수 사이의 합.swift"; sourceTree = "<group>"; };
		0A629F1728C842DE00BB3961 /* 나누어 떨어지는 숫자 배열.swift */ = {isa = PBXFileReference; lastKnownFileType = sourcecode.swift; path = "나누어 떨어지는 숫자 배열.swift"; sourceTree = "<group>"; };
		0A629F3428D9725C00BB3961 /* 휴가.swift */ = {isa = PBXFileReference; lastKnownFileType = sourcecode.swift; path = "휴가.swift"; sourceTree = "<group>"; };
		0A629F3628D9728500BB3961 /* 문자열 다루기 기본.swift */ = {isa = PBXFileReference; lastKnownFileType = sourcecode.swift; path = "문자열 다루기 기본.swift"; sourceTree = "<group>"; };
		0A629F3828DAADFC00BB3961 /* 짝수와 홀수.swift */ = {isa = PBXFileReference; lastKnownFileType = sourcecode.swift; path = "짝수와 홀수.swift"; sourceTree = "<group>"; };
		0A629F3A28DAB34000BB3961 /* 서울에서 김서방 찾기.swift */ = {isa = PBXFileReference; lastKnownFileType = sourcecode.swift; path = "서울에서 김서방 찾기.swift"; sourceTree = "<group>"; };
		0A629F8028DBFE6100BB3961 /* 자연수 뒤집어 배열 만들기.swift */ = {isa = PBXFileReference; lastKnownFileType = sourcecode.swift; path = "자연수 뒤집어 배열 만들기.swift"; sourceTree = "<group>"; };
		0A629F8228E17EF900BB3961 /* 하샤드 수.swift */ = {isa = PBXFileReference; lastKnownFileType = sourcecode.swift; path = "하샤드 수.swift"; sourceTree = "<group>"; };
		0A629F8428E2D45700BB3961 /* 정수 제곱근 판별.swift */ = {isa = PBXFileReference; lastKnownFileType = sourcecode.swift; path = "정수 제곱근 판별.swift"; sourceTree = "<group>"; };
		0A629F8628E3F4FD00BB3961 /* 자릿수 더하기.swift */ = {isa = PBXFileReference; lastKnownFileType = sourcecode.swift; path = "자릿수 더하기.swift"; sourceTree = "<group>"; };
		0A629F8828ED312500BB3961 /* 예산.swift */ = {isa = PBXFileReference; lastKnownFileType = sourcecode.swift; path = "예산.swift"; sourceTree = "<group>"; };
		0A629F8B28ED318900BB3961 /* 제일 작은 수 제거.swift */ = {isa = PBXFileReference; lastKnownFileType = sourcecode.swift; path = "제일 작은 수 제거.swift"; sourceTree = "<group>"; };
		0A629F8D28ED31DF00BB3961 /* 없는 숫자 더하기.swift */ = {isa = PBXFileReference; lastKnownFileType = sourcecode.swift; path = "없는 숫자 더하기.swift"; sourceTree = "<group>"; };
		0A629F9128ED325E00BB3961 /* 콜라츠 추측.swift */ = {isa = PBXFileReference; lastKnownFileType = sourcecode.swift; path = "콜라츠 추측.swift"; sourceTree = "<group>"; };
		0A629F9328ED329400BB3961 /* 나머지가 1이 되는 수 찾기.swift */ = {isa = PBXFileReference; lastKnownFileType = sourcecode.swift; path = "나머지가 1이 되는 수 찾기.swift"; sourceTree = "<group>"; };
		0A629F9728ED333500BB3961 /* 약수의 개수와 덧셈.swift */ = {isa = PBXFileReference; lastKnownFileType = sourcecode.swift; path = "약수의 개수와 덧셈.swift"; sourceTree = "<group>"; };
		0A629F9928ED338F00BB3961 /* k번째 수.swift */ = {isa = PBXFileReference; lastKnownFileType = sourcecode.swift; path = "k번째 수.swift"; sourceTree = "<group>"; };
		0A629F9B28ED33E200BB3961 /* 부족한 금액 계산하기.swift */ = {isa = PBXFileReference; lastKnownFileType = sourcecode.swift; path = "부족한 금액 계산하기.swift"; sourceTree = "<group>"; };
		0A62A00028F661D200BB3961 /* 두개 뽑아서 더하기.swift */ = {isa = PBXFileReference; lastKnownFileType = sourcecode.swift; path = "두개 뽑아서 더하기.swift"; sourceTree = "<group>"; };
		0A62A00228F6620C00BB3961 /* 이상한 문자 만들기.swift */ = {isa = PBXFileReference; lastKnownFileType = sourcecode.swift; path = "이상한 문자 만들기.swift"; sourceTree = "<group>"; };
		0A62A00428F6623D00BB3961 /* 3진법 뒤집기.swift */ = {isa = PBXFileReference; lastKnownFileType = sourcecode.swift; path = "3진법 뒤집기.swift"; sourceTree = "<group>"; };
		0A62A00628F6626E00BB3961 /* 최댓값과 최솟값.swift */ = {isa = PBXFileReference; lastKnownFileType = sourcecode.swift; path = "최댓값과 최솟값.swift"; sourceTree = "<group>"; };
		0A62A00F28F7EEEA00BB3961 /* 모의고사.swift */ = {isa = PBXFileReference; lastKnownFileType = sourcecode.swift; path = "모의고사.swift"; sourceTree = "<group>"; };
		0A62A01128FF927B00BB3961 /* 문자열과 영단어.swift */ = {isa = PBXFileReference; lastKnownFileType = sourcecode.swift; path = "문자열과 영단어.swift"; sourceTree = "<group>"; };
		0A62A01328FF9C1700BB3961 /* 이진변환 반복.swift */ = {isa = PBXFileReference; lastKnownFileType = sourcecode.swift; path = "이진변환 반복.swift"; sourceTree = "<group>"; };
		0A62A01528FF9C3800BB3961 /* JadenCase 문자열.swift */ = {isa = PBXFileReference; lastKnownFileType = sourcecode.swift; path = "JadenCase 문자열.swift"; sourceTree = "<group>"; };
		0AAC4CC629090DDA00AF1FDB /* TwoSum.swift */ = {isa = PBXFileReference; lastKnownFileType = sourcecode.swift; path = TwoSum.swift; sourceTree = "<group>"; };
		0AAC4CC8290926DA00AF1FDB /* Climbing Stairs.swift */ = {isa = PBXFileReference; lastKnownFileType = sourcecode.swift; path = "Climbing Stairs.swift"; sourceTree = "<group>"; };
		0AAC4CCA290A623B00AF1FDB /* RomantoInt.swift */ = {isa = PBXFileReference; lastKnownFileType = sourcecode.swift; path = RomantoInt.swift; sourceTree = "<group>"; };
		0AAC4CD2291235FD00AF1FDB /* Add Two Integers.swift */ = {isa = PBXFileReference; lastKnownFileType = sourcecode.swift; path = "Add Two Integers.swift"; sourceTree = "<group>"; };
		0AAC4CD42912362A00AF1FDB /* Move Zeroes.swift */ = {isa = PBXFileReference; lastKnownFileType = sourcecode.swift; path = "Move Zeroes.swift"; sourceTree = "<group>"; };
		0AAC4CD62912366400AF1FDB /* 다음에 올 숫자.swift */ = {isa = PBXFileReference; lastKnownFileType = sourcecode.swift; path = "다음에 올 숫자.swift"; sourceTree = "<group>"; };
		0AAC4CD82912369300AF1FDB /* 저주의 숫자 3.swift */ = {isa = PBXFileReference; lastKnownFileType = sourcecode.swift; path = "저주의 숫자 3.swift"; sourceTree = "<group>"; };
		0AAC4CDB291B749100AF1FDB /* Fizz Buzz.swift */ = {isa = PBXFileReference; lastKnownFileType = sourcecode.swift; path = "Fizz Buzz.swift"; sourceTree = "<group>"; };
		0AAC4CDD291B8D7F00AF1FDB /* 컨트롤제트.swift */ = {isa = PBXFileReference; lastKnownFileType = sourcecode.swift; path = "컨트롤제트.swift"; sourceTree = "<group>"; };
		0AAC4CDF291B8DB300AF1FDB /* 삼총사.swift */ = {isa = PBXFileReference; lastKnownFileType = sourcecode.swift; path = "삼총사.swift"; sourceTree = "<group>"; };
		0AAC4CE22925182400AF1FDB /* 문자열 밀기.swift */ = {isa = PBXFileReference; lastKnownFileType = sourcecode.swift; path = "문자열 밀기.swift"; sourceTree = "<group>"; };
		0AAC4CE42925185200AF1FDB /* 숫자짝꿍.swift */ = {isa = PBXFileReference; lastKnownFileType = sourcecode.swift; path = "숫자짝꿍.swift"; sourceTree = "<group>"; };
/* End PBXFileReference section */

/* Begin PBXFrameworksBuildPhase section */
		0A629EEB28B8555D00BB3961 /* Frameworks */ = {
			isa = PBXFrameworksBuildPhase;
			buildActionMask = 2147483647;
			files = (
			);
			runOnlyForDeploymentPostprocessing = 0;
		};
/* End PBXFrameworksBuildPhase section */

/* Begin PBXGroup section */
		0A629EE528B8555D00BB3961 = {
			isa = PBXGroup;
			children = (
				0A629EF028B8555D00BB3961 /* Max */,
				0A629EEF28B8555D00BB3961 /* Products */,
			);
			sourceTree = "<group>";
		};
		0A629EEF28B8555D00BB3961 /* Products */ = {
			isa = PBXGroup;
			children = (
				0A629EEE28B8555D00BB3961 /* Max */,
			);
			name = Products;
			sourceTree = "<group>";
		};
		0A629EF028B8555D00BB3961 /* Max */ = {
			isa = PBXGroup;
			children = (
				0A629EF828B8559C00BB3961 /* Week01 */,
				0A629F0728BCA42C00BB3961 /* Week02 */,
				0A629F1028C5D60000BB3961 /* Week03 */,
				0A629F3228D9721500BB3961 /* Week04 */,
				0A629F3328D9723F00BB3961 /* Week05 */,
				0A629F7F28DBFBF100BB3961 /* Week06 */,
				0A629F8A28ED315A00BB3961 /* Week07 */,
				0A629FFF28F661B300BB3961 /* Week08 */,
				0A62A00C28F7EDE200BB3961 /* Week09 */,
				0AAC4CC529090DAA00AF1FDB /* Week10 */,
				0AAC4CD1291235B300AF1FDB /* Week11 */,
				0AAC4CDA291B747000AF1FDB /* Week12 */,
				0AAC4CE12925180500AF1FDB /* Week13 */,
				0A629EF128B8555D00BB3961 /* main.swift */,
			);
			path = Max;
			sourceTree = "<group>";
		};
		0A629EF828B8559C00BB3961 /* Week01 */ = {
			isa = PBXGroup;
			children = (
				0A629EF928B855BD00BB3961 /* Squarestar.swift */,
				0A629EFB28B8583200BB3961 /* 수박.swift */,
				0A629F0128B8626800BB3961 /* 평균구하기.swift */,
				0A629F0328B863BF00BB3961 /* 문자열을 정수로 바꾸기.swift */,
				0A629F0528BA642500BB3961 /* 핸드폰 번호 가리기.swift */,
			);
			path = Week01;
			sourceTree = "<group>";
		};
		0A629F0728BCA42C00BB3961 /* Week02 */ = {
			isa = PBXGroup;
			children = (
				0A629F0828BCA45800BB3961 /* 문자열 내림차순으로 배치.swift */,
				0A629F0C28BF53FC00BB3961 /* 2016.swift */,
				0A629F0E28BF546500BB3961 /* 가운데 글자 가져오기.swift */,
				0A629F1728C842DE00BB3961 /* 나누어 떨어지는 숫자 배열.swift */,
			);
			path = Week02;
			sourceTree = "<group>";
		};
		0A629F1028C5D60000BB3961 /* Week03 */ = {
			isa = PBXGroup;
			children = (
				0A629F1128C5D63500BB3961 /* 내적.swift */,
				0A629F1328C5E2E100BB3961 /* 문자열 내의 P와 Y의 개수.swift */,
				0A629F1528C5EAC300BB3961 /* 두 정수 사이의 합.swift */,
			);
			path = Week03;
			sourceTree = "<group>";
		};
		0A629F3228D9721500BB3961 /* Week04 */ = {
			isa = PBXGroup;
			children = (
				0A629F3428D9725C00BB3961 /* 휴가.swift */,
			);
			path = Week04;
			sourceTree = "<group>";
		};
		0A629F3328D9723F00BB3961 /* Week05 */ = {
			isa = PBXGroup;
			children = (
				0A629F3628D9728500BB3961 /* 문자열 다루기 기본.swift */,
				0A629F3828DAADFC00BB3961 /* 짝수와 홀수.swift */,
				0A629F3A28DAB34000BB3961 /* 서울에서 김서방 찾기.swift */,
			);
			path = Week05;
			sourceTree = "<group>";
		};
		0A629F7F28DBFBF100BB3961 /* Week06 */ = {
			isa = PBXGroup;
			children = (
				0A629F8028DBFE6100BB3961 /* 자연수 뒤집어 배열 만들기.swift */,
				0A629F8228E17EF900BB3961 /* 하샤드 수.swift */,
				0A629F8428E2D45700BB3961 /* 정수 제곱근 판별.swift */,
				0A629F8628E3F4FD00BB3961 /* 자릿수 더하기.swift */,
				0A629F8828ED312500BB3961 /* 예산.swift */,
			);
			path = Week06;
			sourceTree = "<group>";
		};
		0A629F8A28ED315A00BB3961 /* Week07 */ = {
			isa = PBXGroup;
			children = (
				0A629F8B28ED318900BB3961 /* 제일 작은 수 제거.swift */,
				0A629F8D28ED31DF00BB3961 /* 없는 숫자 더하기.swift */,
				0A629F9128ED325E00BB3961 /* 콜라츠 추측.swift */,
				0A629F9328ED329400BB3961 /* 나머지가 1이 되는 수 찾기.swift */,
				0A629F9728ED333500BB3961 /* 약수의 개수와 덧셈.swift */,
				0A629F9928ED338F00BB3961 /* k번째 수.swift */,
				0A629F9B28ED33E200BB3961 /* 부족한 금액 계산하기.swift */,
			);
			path = Week07;
			sourceTree = "<group>";
		};
		0A629FFF28F661B300BB3961 /* Week08 */ = {
			isa = PBXGroup;
			children = (
				0A62A00028F661D200BB3961 /* 두개 뽑아서 더하기.swift */,
				0A62A00228F6620C00BB3961 /* 이상한 문자 만들기.swift */,
				0A62A00428F6623D00BB3961 /* 3진법 뒤집기.swift */,
				0A62A00628F6626E00BB3961 /* 최댓값과 최솟값.swift */,
			);
			path = Week08;
			sourceTree = "<group>";
		};
		0A62A00C28F7EDE200BB3961 /* Week09 */ = {
			isa = PBXGroup;
			children = (
				0A62A00F28F7EEEA00BB3961 /* 모의고사.swift */,
				0A62A01128FF927B00BB3961 /* 문자열과 영단어.swift */,
				0A62A01528FF9C3800BB3961 /* JadenCase 문자열.swift */,
				0A62A01328FF9C1700BB3961 /* 이진변환 반복.swift */,
			);
			path = Week09;
			sourceTree = "<group>";
		};
		0AAC4CC529090DAA00AF1FDB /* Week10 */ = {
			isa = PBXGroup;
			children = (
				0AAC4CC629090DDA00AF1FDB /* TwoSum.swift */,
				0AAC4CC8290926DA00AF1FDB /* Climbing Stairs.swift */,
				0AAC4CCA290A623B00AF1FDB /* RomantoInt.swift */,
			);
			path = Week10;
			sourceTree = "<group>";
		};
		0AAC4CD1291235B300AF1FDB /* Week11 */ = {
			isa = PBXGroup;
			children = (
				0AAC4CD2291235FD00AF1FDB /* Add Two Integers.swift */,
				0AAC4CD42912362A00AF1FDB /* Move Zeroes.swift */,
				0AAC4CD62912366400AF1FDB /* 다음에 올 숫자.swift */,
				0AAC4CD82912369300AF1FDB /* 저주의 숫자 3.swift */,
			);
			path = Week11;
			sourceTree = "<group>";
		};
		0AAC4CDA291B747000AF1FDB /* Week12 */ = {
			isa = PBXGroup;
			children = (
				0AAC4CDB291B749100AF1FDB /* Fizz Buzz.swift */,
				0AAC4CDD291B8D7F00AF1FDB /* 컨트롤제트.swift */,
				0AAC4CDF291B8DB300AF1FDB /* 삼총사.swift */,
			);
			path = Week12;
			sourceTree = "<group>";
		};
		0AAC4CE12925180500AF1FDB /* Week13 */ = {
			isa = PBXGroup;
			children = (
				0AAC4CE22925182400AF1FDB /* 문자열 밀기.swift */,
				0AAC4CE42925185200AF1FDB /* 숫자짝꿍.swift */,
			);
			path = Week13;
			sourceTree = "<group>";
		};
/* End PBXGroup section */

/* Begin PBXNativeTarget section */
		0A629EED28B8555D00BB3961 /* Max */ = {
			isa = PBXNativeTarget;
			buildConfigurationList = 0A629EF528B8555D00BB3961 /* Build configuration list for PBXNativeTarget "Max" */;
			buildPhases = (
				0A629EEA28B8555D00BB3961 /* Sources */,
				0A629EEB28B8555D00BB3961 /* Frameworks */,
				0A629EEC28B8555D00BB3961 /* CopyFiles */,
			);
			buildRules = (
			);
			dependencies = (
			);
			name = Max;
			productName = Max;
			productReference = 0A629EEE28B8555D00BB3961 /* Max */;
			productType = "com.apple.product-type.tool";
		};
/* End PBXNativeTarget section */

/* Begin PBXProject section */
		0A629EE628B8555D00BB3961 /* Project object */ = {
			isa = PBXProject;
			attributes = {
				BuildIndependentTargetsInParallel = 1;
				LastSwiftUpdateCheck = 1330;
				LastUpgradeCheck = 1330;
				TargetAttributes = {
					0A629EED28B8555D00BB3961 = {
						CreatedOnToolsVersion = 13.3.1;
					};
				};
			};
			buildConfigurationList = 0A629EE928B8555D00BB3961 /* Build configuration list for PBXProject "Max" */;
			compatibilityVersion = "Xcode 13.0";
			developmentRegion = en;
			hasScannedForEncodings = 0;
			knownRegions = (
				en,
				Base,
			);
			mainGroup = 0A629EE528B8555D00BB3961;
			productRefGroup = 0A629EEF28B8555D00BB3961 /* Products */;
			projectDirPath = "";
			projectRoot = "";
			targets = (
				0A629EED28B8555D00BB3961 /* Max */,
			);
		};
/* End PBXProject section */

/* Begin PBXSourcesBuildPhase section */
		0A629EEA28B8555D00BB3961 /* Sources */ = {
			isa = PBXSourcesBuildPhase;
			buildActionMask = 2147483647;
			files = (
				0A62A01628FF9C3800BB3961 /* JadenCase 문자열.swift in Sources */,
				0A629F3528D9725C00BB3961 /* 휴가.swift in Sources */,
				0AAC4CD3291235FD00AF1FDB /* Add Two Integers.swift in Sources */,
				0AAC4CDC291B749100AF1FDB /* Fizz Buzz.swift in Sources */,
				0AAC4CD72912366400AF1FDB /* 다음에 올 숫자.swift in Sources */,
				0A629F3928DAADFC00BB3961 /* 짝수와 홀수.swift in Sources */,
				0A629F9A28ED338F00BB3961 /* k번째 수.swift in Sources */,
				0AAC4CC729090DDA00AF1FDB /* TwoSum.swift in Sources */,
				0A629F0F28BF546500BB3961 /* 가운데 글자 가져오기.swift in Sources */,
				0AAC4CCB290A623B00AF1FDB /* RomantoInt.swift in Sources */,
				0A629F8E28ED31DF00BB3961 /* 없는 숫자 더하기.swift in Sources */,
				0A629F0628BA642500BB3961 /* 핸드폰 번호 가리기.swift in Sources */,
				0A629F8728E3F4FD00BB3961 /* 자릿수 더하기.swift in Sources */,
				0A629F1428C5E2E100BB3961 /* 문자열 내의 P와 Y의 개수.swift in Sources */,
				0A629F9C28ED33E200BB3961 /* 부족한 금액 계산하기.swift in Sources */,
				0A629F1828C842DE00BB3961 /* 나누어 떨어지는 숫자 배열.swift in Sources */,
				0A629F9828ED333600BB3961 /* 약수의 개수와 덧셈.swift in Sources */,
				0A629F0928BCA45800BB3961 /* 문자열 내림차순으로 배치.swift in Sources */,
				0A62A01028F7EEEA00BB3961 /* 모의고사.swift in Sources */,
				0A629F0228B8626800BB3961 /* 평균구하기.swift in Sources */,
				0A629F9228ED325E00BB3961 /* 콜라츠 추측.swift in Sources */,
				0AAC4CDE291B8D7F00AF1FDB /* 컨트롤제트.swift in Sources */,
				0A629F1628C5EAC300BB3961 /* 두 정수 사이의 합.swift in Sources */,
				0A629F9428ED329400BB3961 /* 나머지가 1이 되는 수 찾기.swift in Sources */,
				0AAC4CD52912362A00AF1FDB /* Move Zeroes.swift in Sources */,
				0A629F8C28ED318900BB3961 /* 제일 작은 수 제거.swift in Sources */,
				0A62A01228FF927B00BB3961 /* 문자열과 영단어.swift in Sources */,
				0A629F8528E2D45700BB3961 /* 정수 제곱근 판별.swift in Sources */,
				0AAC4CD92912369300AF1FDB /* 저주의 숫자 3.swift in Sources */,
				0A62A00328F6620D00BB3961 /* 이상한 문자 만들기.swift in Sources */,
				0A629EFC28B8583200BB3961 /* 수박.swift in Sources */,
				0A62A01428FF9C1700BB3961 /* 이진변환 반복.swift in Sources */,
				0A629F8328E17EF900BB3961 /* 하샤드 수.swift in Sources */,
				0A62A00528F6623D00BB3961 /* 3진법 뒤집기.swift in Sources */,
				0A629F1228C5D63500BB3961 /* 내적.swift in Sources */,
				0A629F8928ED312500BB3961 /* 예산.swift in Sources */,
				0AAC4CE52925185200AF1FDB /* 숫자짝꿍.swift in Sources */,
				0A62A00128F661D200BB3961 /* 두개 뽑아서 더하기.swift in Sources */,
				0A629EFA28B855BD00BB3961 /* Squarestar.swift in Sources */,
				0A629F0428B863BF00BB3961 /* 문자열을 정수로 바꾸기.swift in Sources */,
				0A629F0D28BF53FC00BB3961 /* 2016.swift in Sources */,
				0AAC4CC9290926DA00AF1FDB /* Climbing Stairs.swift in Sources */,
				0A629EF228B8555D00BB3961 /* main.swift in Sources */,
				0A629F3B28DAB34000BB3961 /* 서울에서 김서방 찾기.swift in Sources */,
				0AAC4CE32925182400AF1FDB /* 문자열 밀기.swift in Sources */,
				0A629F3728D9728500BB3961 /* 문자열 다루기 기본.swift in Sources */,
				0A629F8128DBFE6100BB3961 /* 자연수 뒤집어 배열 만들기.swift in Sources */,
				0A62A00728F6626E00BB3961 /* 최댓값과 최솟값.swift in Sources */,
				0AAC4CE0291B8DB300AF1FDB /* 삼총사.swift in Sources */,
			);
			runOnlyForDeploymentPostprocessing = 0;
		};
/* End PBXSourcesBuildPhase section */

/* Begin XCBuildConfiguration section */
		0A629EF328B8555D00BB3961 /* Debug */ = {
			isa = XCBuildConfiguration;
			buildSettings = {
				ALWAYS_SEARCH_USER_PATHS = NO;
				CLANG_ANALYZER_NONNULL = YES;
				CLANG_ANALYZER_NUMBER_OBJECT_CONVERSION = YES_AGGRESSIVE;
				CLANG_CXX_LANGUAGE_STANDARD = "gnu++17";
				CLANG_ENABLE_MODULES = YES;
				CLANG_ENABLE_OBJC_ARC = YES;
				CLANG_ENABLE_OBJC_WEAK = YES;
				CLANG_WARN_BLOCK_CAPTURE_AUTORELEASING = YES;
				CLANG_WARN_BOOL_CONVERSION = YES;
				CLANG_WARN_COMMA = YES;
				CLANG_WARN_CONSTANT_CONVERSION = YES;
				CLANG_WARN_DEPRECATED_OBJC_IMPLEMENTATIONS = YES;
				CLANG_WARN_DIRECT_OBJC_ISA_USAGE = YES_ERROR;
				CLANG_WARN_DOCUMENTATION_COMMENTS = YES;
				CLANG_WARN_EMPTY_BODY = YES;
				CLANG_WARN_ENUM_CONVERSION = YES;
				CLANG_WARN_INFINITE_RECURSION = YES;
				CLANG_WARN_INT_CONVERSION = YES;
				CLANG_WARN_NON_LITERAL_NULL_CONVERSION = YES;
				CLANG_WARN_OBJC_IMPLICIT_RETAIN_SELF = YES;
				CLANG_WARN_OBJC_LITERAL_CONVERSION = YES;
				CLANG_WARN_OBJC_ROOT_CLASS = YES_ERROR;
				CLANG_WARN_QUOTED_INCLUDE_IN_FRAMEWORK_HEADER = YES;
				CLANG_WARN_RANGE_LOOP_ANALYSIS = YES;
				CLANG_WARN_STRICT_PROTOTYPES = YES;
				CLANG_WARN_SUSPICIOUS_MOVE = YES;
				CLANG_WARN_UNGUARDED_AVAILABILITY = YES_AGGRESSIVE;
				CLANG_WARN_UNREACHABLE_CODE = YES;
				CLANG_WARN__DUPLICATE_METHOD_MATCH = YES;
				COPY_PHASE_STRIP = NO;
				DEBUG_INFORMATION_FORMAT = dwarf;
				ENABLE_STRICT_OBJC_MSGSEND = YES;
				ENABLE_TESTABILITY = YES;
				GCC_C_LANGUAGE_STANDARD = gnu11;
				GCC_DYNAMIC_NO_PIC = NO;
				GCC_NO_COMMON_BLOCKS = YES;
				GCC_OPTIMIZATION_LEVEL = 0;
				GCC_PREPROCESSOR_DEFINITIONS = (
					"DEBUG=1",
					"$(inherited)",
				);
				GCC_WARN_64_TO_32_BIT_CONVERSION = YES;
				GCC_WARN_ABOUT_RETURN_TYPE = YES_ERROR;
				GCC_WARN_UNDECLARED_SELECTOR = YES;
				GCC_WARN_UNINITIALIZED_AUTOS = YES_AGGRESSIVE;
				GCC_WARN_UNUSED_FUNCTION = YES;
				GCC_WARN_UNUSED_VARIABLE = YES;
				MACOSX_DEPLOYMENT_TARGET = 12.3;
				MTL_ENABLE_DEBUG_INFO = INCLUDE_SOURCE;
				MTL_FAST_MATH = YES;
				ONLY_ACTIVE_ARCH = YES;
				SDKROOT = macosx;
				SWIFT_ACTIVE_COMPILATION_CONDITIONS = DEBUG;
				SWIFT_OPTIMIZATION_LEVEL = "-Onone";
			};
			name = Debug;
		};
		0A629EF428B8555D00BB3961 /* Release */ = {
			isa = XCBuildConfiguration;
			buildSettings = {
				ALWAYS_SEARCH_USER_PATHS = NO;
				CLANG_ANALYZER_NONNULL = YES;
				CLANG_ANALYZER_NUMBER_OBJECT_CONVERSION = YES_AGGRESSIVE;
				CLANG_CXX_LANGUAGE_STANDARD = "gnu++17";
				CLANG_ENABLE_MODULES = YES;
				CLANG_ENABLE_OBJC_ARC = YES;
				CLANG_ENABLE_OBJC_WEAK = YES;
				CLANG_WARN_BLOCK_CAPTURE_AUTORELEASING = YES;
				CLANG_WARN_BOOL_CONVERSION = YES;
				CLANG_WARN_COMMA = YES;
				CLANG_WARN_CONSTANT_CONVERSION = YES;
				CLANG_WARN_DEPRECATED_OBJC_IMPLEMENTATIONS = YES;
				CLANG_WARN_DIRECT_OBJC_ISA_USAGE = YES_ERROR;
				CLANG_WARN_DOCUMENTATION_COMMENTS = YES;
				CLANG_WARN_EMPTY_BODY = YES;
				CLANG_WARN_ENUM_CONVERSION = YES;
				CLANG_WARN_INFINITE_RECURSION = YES;
				CLANG_WARN_INT_CONVERSION = YES;
				CLANG_WARN_NON_LITERAL_NULL_CONVERSION = YES;
				CLANG_WARN_OBJC_IMPLICIT_RETAIN_SELF = YES;
				CLANG_WARN_OBJC_LITERAL_CONVERSION = YES;
				CLANG_WARN_OBJC_ROOT_CLASS = YES_ERROR;
				CLANG_WARN_QUOTED_INCLUDE_IN_FRAMEWORK_HEADER = YES;
				CLANG_WARN_RANGE_LOOP_ANALYSIS = YES;
				CLANG_WARN_STRICT_PROTOTYPES = YES;
				CLANG_WARN_SUSPICIOUS_MOVE = YES;
				CLANG_WARN_UNGUARDED_AVAILABILITY = YES_AGGRESSIVE;
				CLANG_WARN_UNREACHABLE_CODE = YES;
				CLANG_WARN__DUPLICATE_METHOD_MATCH = YES;
				COPY_PHASE_STRIP = NO;
				DEBUG_INFORMATION_FORMAT = "dwarf-with-dsym";
				ENABLE_NS_ASSERTIONS = NO;
				ENABLE_STRICT_OBJC_MSGSEND = YES;
				GCC_C_LANGUAGE_STANDARD = gnu11;
				GCC_NO_COMMON_BLOCKS = YES;
				GCC_WARN_64_TO_32_BIT_CONVERSION = YES;
				GCC_WARN_ABOUT_RETURN_TYPE = YES_ERROR;
				GCC_WARN_UNDECLARED_SELECTOR = YES;
				GCC_WARN_UNINITIALIZED_AUTOS = YES_AGGRESSIVE;
				GCC_WARN_UNUSED_FUNCTION = YES;
				GCC_WARN_UNUSED_VARIABLE = YES;
				MACOSX_DEPLOYMENT_TARGET = 12.3;
				MTL_ENABLE_DEBUG_INFO = NO;
				MTL_FAST_MATH = YES;
				SDKROOT = macosx;
				SWIFT_COMPILATION_MODE = wholemodule;
				SWIFT_OPTIMIZATION_LEVEL = "-O";
			};
			name = Release;
		};
		0A629EF628B8555D00BB3961 /* Debug */ = {
			isa = XCBuildConfiguration;
			buildSettings = {
				CODE_SIGN_STYLE = Automatic;
				DEVELOPMENT_TEAM = Q8P4Y3A8LY;
				ENABLE_HARDENED_RUNTIME = YES;
				PRODUCT_NAME = "$(TARGET_NAME)";
				SWIFT_VERSION = 5.0;
			};
			name = Debug;
		};
		0A629EF728B8555D00BB3961 /* Release */ = {
			isa = XCBuildConfiguration;
			buildSettings = {
				CODE_SIGN_STYLE = Automatic;
				DEVELOPMENT_TEAM = Q8P4Y3A8LY;
				ENABLE_HARDENED_RUNTIME = YES;
				PRODUCT_NAME = "$(TARGET_NAME)";
				SWIFT_VERSION = 5.0;
			};
			name = Release;
		};
/* End XCBuildConfiguration section */

/* Begin XCConfigurationList section */
		0A629EE928B8555D00BB3961 /* Build configuration list for PBXProject "Max" */ = {
			isa = XCConfigurationList;
			buildConfigurations = (
				0A629EF328B8555D00BB3961 /* Debug */,
				0A629EF428B8555D00BB3961 /* Release */,
			);
			defaultConfigurationIsVisible = 0;
			defaultConfigurationName = Release;
		};
		0A629EF528B8555D00BB3961 /* Build configuration list for PBXNativeTarget "Max" */ = {
			isa = XCConfigurationList;
			buildConfigurations = (
				0A629EF628B8555D00BB3961 /* Debug */,
				0A629EF728B8555D00BB3961 /* Release */,
			);
			defaultConfigurationIsVisible = 0;
			defaultConfigurationName = Release;
		};
/* End XCConfigurationList section */
	};
	rootObject = 0A629EE628B8555D00BB3961 /* Project object */;
}
