// !$*UTF8*$!
{
	archiveVersion = 1;
	classes = {
	};
	objectVersion = 55;
	objects = {

/* Begin PBXBuildFile section */
		360D566928B746B40053966F /* main.swift in Sources */ = {isa = PBXBuildFile; fileRef = 360D566828B746B40053966F /* main.swift */; };
		360D567328B74E870053966F /* 평균구하기.swift in Sources */ = {isa = PBXBuildFile; fileRef = 360D567228B74E870053966F /* 평균구하기.swift */; };
		360D567528B750600053966F /* 수박수박수.swift in Sources */ = {isa = PBXBuildFile; fileRef = 360D567428B750600053966F /* 수박수박수.swift */; };
		360D567928B7523D0053966F /* 직사각형 별찍기.swift in Sources */ = {isa = PBXBuildFile; fileRef = 360D567828B7523D0053966F /* 직사각형 별찍기.swift */; };
		360D567B28B754A20053966F /* 문자열 정수로 바꾸기.swift in Sources */ = {isa = PBXBuildFile; fileRef = 360D567A28B754A20053966F /* 문자열 정수로 바꾸기.swift */; };
		360D567D28B755B30053966F /* 휴대폰 번호 가리기.swift in Sources */ = {isa = PBXBuildFile; fileRef = 360D567C28B755B30053966F /* 휴대폰 번호 가리기.swift */; };
		365D082C28C2DE5600B2F6DE /* 내적.swift in Sources */ = {isa = PBXBuildFile; fileRef = 365D082B28C2DE5600B2F6DE /* 내적.swift */; };
		3671FD4728C631BA00182BF2 /* 두 정수 사이의 합.swift in Sources */ = {isa = PBXBuildFile; fileRef = 3671FD4628C631BA00182BF2 /* 두 정수 사이의 합.swift */; };
		369EE1EB28B7C6F00010C5AF /* 문자열 내림차순 배치.swift in Sources */ = {isa = PBXBuildFile; fileRef = 369EE1EA28B7C6F00010C5AF /* 문자열 내림차순 배치.swift */; };
		36AC747A28BE40CF009F1896 /* 가운데 글자 가져오기.swift in Sources */ = {isa = PBXBuildFile; fileRef = 36AC747928BE40CF009F1896 /* 가운데 글자 가져오기.swift */; };
		36CA2D5C28BD1485008C535B /* 2016.swift in Sources */ = {isa = PBXBuildFile; fileRef = 36CA2D5B28BD1485008C535B /* 2016.swift */; };
		36E494A028C02EC20090B53D /* 나누어 떨어지는 숫자배열.swift in Sources */ = {isa = PBXBuildFile; fileRef = 36E4949F28C02EC20090B53D /* 나누어 떨어지는 숫자배열.swift */; };
/* End PBXBuildFile section */

/* Begin PBXCopyFilesBuildPhase section */
		360D566328B746B30053966F /* CopyFiles */ = {
			isa = PBXCopyFilesBuildPhase;
			buildActionMask = 2147483647;
			dstPath = /usr/share/man/man1/;
			dstSubfolderSpec = 0;
			files = (
			);
			runOnlyForDeploymentPostprocessing = 1;
		};
/* End PBXCopyFilesBuildPhase section */

/* Begin PBXFileReference section */
		360D566528B746B40053966F /* sehong */ = {isa = PBXFileReference; explicitFileType = "compiled.mach-o.executable"; includeInIndex = 0; path = sehong; sourceTree = BUILT_PRODUCTS_DIR; };
		360D566828B746B40053966F /* main.swift */ = {isa = PBXFileReference; lastKnownFileType = sourcecode.swift; name = main.swift; path = week01/main.swift; sourceTree = "<group>"; };
		360D567228B74E870053966F /* 평균구하기.swift */ = {isa = PBXFileReference; lastKnownFileType = sourcecode.swift; name = "평균구하기.swift"; path = "week01/평균구하기.swift"; sourceTree = SOURCE_ROOT; };
		360D567428B750600053966F /* 수박수박수.swift */ = {isa = PBXFileReference; lastKnownFileType = sourcecode.swift; name = "수박수박수.swift"; path = "week01/수박수박수.swift"; sourceTree = SOURCE_ROOT; };
		360D567828B7523D0053966F /* 직사각형 별찍기.swift */ = {isa = PBXFileReference; lastKnownFileType = sourcecode.swift; name = "직사각형 별찍기.swift"; path = "week01/직사각형 별찍기.swift"; sourceTree = SOURCE_ROOT; };
		360D567A28B754A20053966F /* 문자열 정수로 바꾸기.swift */ = {isa = PBXFileReference; lastKnownFileType = sourcecode.swift; path = "문자열 정수로 바꾸기.swift"; sourceTree = "<group>"; };
		360D567C28B755B30053966F /* 휴대폰 번호 가리기.swift */ = {isa = PBXFileReference; lastKnownFileType = sourcecode.swift; path = "휴대폰 번호 가리기.swift"; sourceTree = "<group>"; };
		365D082B28C2DE5600B2F6DE /* 내적.swift */ = {isa = PBXFileReference; lastKnownFileType = sourcecode.swift; path = "내적.swift"; sourceTree = "<group>"; };
		3671FD4628C631BA00182BF2 /* 두 정수 사이의 합.swift */ = {isa = PBXFileReference; lastKnownFileType = sourcecode.swift; path = "두 정수 사이의 합.swift"; sourceTree = "<group>"; };
		369EE1EA28B7C6F00010C5AF /* 문자열 내림차순 배치.swift */ = {isa = PBXFileReference; lastKnownFileType = sourcecode.swift; path = "문자열 내림차순 배치.swift"; sourceTree = "<group>"; };
		36AC747928BE40CF009F1896 /* 가운데 글자 가져오기.swift */ = {isa = PBXFileReference; lastKnownFileType = sourcecode.swift; path = "가운데 글자 가져오기.swift"; sourceTree = "<group>"; };
		36CA2D5B28BD1485008C535B /* 2016.swift */ = {isa = PBXFileReference; lastKnownFileType = sourcecode.swift; path = 2016.swift; sourceTree = "<group>"; };
		36E4949F28C02EC20090B53D /* 나누어 떨어지는 숫자배열.swift */ = {isa = PBXFileReference; lastKnownFileType = sourcecode.swift; path = "나누어 떨어지는 숫자배열.swift"; sourceTree = "<group>"; };
/* End PBXFileReference section */

/* Begin PBXFrameworksBuildPhase section */
		360D566228B746B30053966F /* Frameworks */ = {
			isa = PBXFrameworksBuildPhase;
			buildActionMask = 2147483647;
			files = (
			);
			runOnlyForDeploymentPostprocessing = 0;
		};
/* End PBXFrameworksBuildPhase section */

/* Begin PBXGroup section */
		360D565C28B746B30053966F = {
			isa = PBXGroup;
			children = (
				360D566728B746B40053966F /* sehong */,
				360D566628B746B40053966F /* Products */,
			);
			sourceTree = "<group>";
		};
		360D566628B746B40053966F /* Products */ = {
			isa = PBXGroup;
			children = (
				360D566528B746B40053966F /* sehong */,
			);
			name = Products;
			sourceTree = "<group>";
		};
		360D566728B746B40053966F /* sehong */ = {
			isa = PBXGroup;
			children = (
				365D082A28C2DE4800B2F6DE /* week03 */,
				369EE1E928B7C6D30010C5AF /* week02 */,
				360D566F28B746BC0053966F /* week01 */,
				360D566828B746B40053966F /* main.swift */,
			);
			name = sehong;
			sourceTree = "<group>";
		};
		360D566F28B746BC0053966F /* week01 */ = {
			isa = PBXGroup;
			children = (
				360D567228B74E870053966F /* 평균구하기.swift */,
				360D567428B750600053966F /* 수박수박수.swift */,
				360D567828B7523D0053966F /* 직사각형 별찍기.swift */,
				360D567A28B754A20053966F /* 문자열 정수로 바꾸기.swift */,
				360D567C28B755B30053966F /* 휴대폰 번호 가리기.swift */,
			);
			path = week01;
			sourceTree = "<group>";
		};
		365D082A28C2DE4800B2F6DE /* week03 */ = {
			isa = PBXGroup;
			children = (
				365D082B28C2DE5600B2F6DE /* 내적.swift */,
				3671FD4628C631BA00182BF2 /* 두 정수 사이의 합.swift */,
			);
			path = week03;
			sourceTree = "<group>";
		};
		369EE1E928B7C6D30010C5AF /* week02 */ = {
			isa = PBXGroup;
			children = (
				369EE1EA28B7C6F00010C5AF /* 문자열 내림차순 배치.swift */,
				36CA2D5B28BD1485008C535B /* 2016.swift */,
				36AC747928BE40CF009F1896 /* 가운데 글자 가져오기.swift */,
				36E4949F28C02EC20090B53D /* 나누어 떨어지는 숫자배열.swift */,
			);
			path = week02;
			sourceTree = "<group>";
		};
/* End PBXGroup section */

/* Begin PBXNativeTarget section */
		360D566428B746B30053966F /* sehong */ = {
			isa = PBXNativeTarget;
			buildConfigurationList = 360D566C28B746B40053966F /* Build configuration list for PBXNativeTarget "sehong" */;
			buildPhases = (
				360D566128B746B30053966F /* Sources */,
				360D566228B746B30053966F /* Frameworks */,
				360D566328B746B30053966F /* CopyFiles */,
			);
			buildRules = (
			);
			dependencies = (
			);
			name = sehong;
			productName = sehong;
			productReference = 360D566528B746B40053966F /* sehong */;
			productType = "com.apple.product-type.tool";
		};
/* End PBXNativeTarget section */

/* Begin PBXProject section */
		360D565D28B746B30053966F /* Project object */ = {
			isa = PBXProject;
			attributes = {
				BuildIndependentTargetsInParallel = 1;
				LastSwiftUpdateCheck = 1330;
				LastUpgradeCheck = 1330;
				TargetAttributes = {
					360D566428B746B30053966F = {
						CreatedOnToolsVersion = 13.3.1;
					};
				};
			};
			buildConfigurationList = 360D566028B746B30053966F /* Build configuration list for PBXProject "sehong" */;
			compatibilityVersion = "Xcode 13.0";
			developmentRegion = en;
			hasScannedForEncodings = 0;
			knownRegions = (
				en,
				Base,
			);
			mainGroup = 360D565C28B746B30053966F;
			productRefGroup = 360D566628B746B40053966F /* Products */;
			projectDirPath = "";
			projectRoot = "";
			targets = (
				360D566428B746B30053966F /* sehong */,
			);
		};
/* End PBXProject section */

/* Begin PBXSourcesBuildPhase section */
		360D566128B746B30053966F /* Sources */ = {
			isa = PBXSourcesBuildPhase;
			buildActionMask = 2147483647;
			files = (
				36AC747A28BE40CF009F1896 /* 가운데 글자 가져오기.swift in Sources */,
				360D567B28B754A20053966F /* 문자열 정수로 바꾸기.swift in Sources */,
				360D567528B750600053966F /* 수박수박수.swift in Sources */,
				360D567328B74E870053966F /* 평균구하기.swift in Sources */,
				360D567928B7523D0053966F /* 직사각형 별찍기.swift in Sources */,
				3671FD4728C631BA00182BF2 /* 두 정수 사이의 합.swift in Sources */,
				36E494A028C02EC20090B53D /* 나누어 떨어지는 숫자배열.swift in Sources */,
				365D082C28C2DE5600B2F6DE /* 내적.swift in Sources */,
				360D566928B746B40053966F /* main.swift in Sources */,
				369EE1EB28B7C6F00010C5AF /* 문자열 내림차순 배치.swift in Sources */,
				36CA2D5C28BD1485008C535B /* 2016.swift in Sources */,
				360D567D28B755B30053966F /* 휴대폰 번호 가리기.swift in Sources */,
			);
			runOnlyForDeploymentPostprocessing = 0;
		};
/* End PBXSourcesBuildPhase section */

/* Begin XCBuildConfiguration section */
		360D566A28B746B40053966F /* Debug */ = {
			isa = XCBuildConfiguration;
			buildSettings = {
				ALWAYS_SEARCH_USER_PATHS = NO;
				CLANG_ANALYZER_NONNULL = YES;
				CLANG_ANALYZER_NUMBER_OBJECT_CONVERSION = YES_AGGRESSIVE;
				CLANG_CXX_LANGUAGE_STANDARD = "gnu++17";
				CLANG_ENABLE_MODULES = YES;
				CLANG_ENABLE_OBJC_ARC = YES;
				CLANG_ENABLE_OBJC_WEAK = YES;
				CLANG_WARN_BLOCK_CAPTURE_AUTORELEASING = YES;
				CLANG_WARN_BOOL_CONVERSION = YES;
				CLANG_WARN_COMMA = YES;
				CLANG_WARN_CONSTANT_CONVERSION = YES;
				CLANG_WARN_DEPRECATED_OBJC_IMPLEMENTATIONS = YES;
				CLANG_WARN_DIRECT_OBJC_ISA_USAGE = YES_ERROR;
				CLANG_WARN_DOCUMENTATION_COMMENTS = YES;
				CLANG_WARN_EMPTY_BODY = YES;
				CLANG_WARN_ENUM_CONVERSION = YES;
				CLANG_WARN_INFINITE_RECURSION = YES;
				CLANG_WARN_INT_CONVERSION = YES;
				CLANG_WARN_NON_LITERAL_NULL_CONVERSION = YES;
				CLANG_WARN_OBJC_IMPLICIT_RETAIN_SELF = YES;
				CLANG_WARN_OBJC_LITERAL_CONVERSION = YES;
				CLANG_WARN_OBJC_ROOT_CLASS = YES_ERROR;
				CLANG_WARN_QUOTED_INCLUDE_IN_FRAMEWORK_HEADER = YES;
				CLANG_WARN_RANGE_LOOP_ANALYSIS = YES;
				CLANG_WARN_STRICT_PROTOTYPES = YES;
				CLANG_WARN_SUSPICIOUS_MOVE = YES;
				CLANG_WARN_UNGUARDED_AVAILABILITY = YES_AGGRESSIVE;
				CLANG_WARN_UNREACHABLE_CODE = YES;
				CLANG_WARN__DUPLICATE_METHOD_MATCH = YES;
				COPY_PHASE_STRIP = NO;
				DEBUG_INFORMATION_FORMAT = dwarf;
				ENABLE_STRICT_OBJC_MSGSEND = YES;
				ENABLE_TESTABILITY = YES;
				GCC_C_LANGUAGE_STANDARD = gnu11;
				GCC_DYNAMIC_NO_PIC = NO;
				GCC_NO_COMMON_BLOCKS = YES;
				GCC_OPTIMIZATION_LEVEL = 0;
				GCC_PREPROCESSOR_DEFINITIONS = (
					"DEBUG=1",
					"$(inherited)",
				);
				GCC_WARN_64_TO_32_BIT_CONVERSION = YES;
				GCC_WARN_ABOUT_RETURN_TYPE = YES_ERROR;
				GCC_WARN_UNDECLARED_SELECTOR = YES;
				GCC_WARN_UNINITIALIZED_AUTOS = YES_AGGRESSIVE;
				GCC_WARN_UNUSED_FUNCTION = YES;
				GCC_WARN_UNUSED_VARIABLE = YES;
				MACOSX_DEPLOYMENT_TARGET = 12.3;
				MTL_ENABLE_DEBUG_INFO = INCLUDE_SOURCE;
				MTL_FAST_MATH = YES;
				ONLY_ACTIVE_ARCH = YES;
				SDKROOT = macosx;
				SWIFT_ACTIVE_COMPILATION_CONDITIONS = DEBUG;
				SWIFT_OPTIMIZATION_LEVEL = "-Onone";
			};
			name = Debug;
		};
		360D566B28B746B40053966F /* Release */ = {
			isa = XCBuildConfiguration;
			buildSettings = {
				ALWAYS_SEARCH_USER_PATHS = NO;
				CLANG_ANALYZER_NONNULL = YES;
				CLANG_ANALYZER_NUMBER_OBJECT_CONVERSION = YES_AGGRESSIVE;
				CLANG_CXX_LANGUAGE_STANDARD = "gnu++17";
				CLANG_ENABLE_MODULES = YES;
				CLANG_ENABLE_OBJC_ARC = YES;
				CLANG_ENABLE_OBJC_WEAK = YES;
				CLANG_WARN_BLOCK_CAPTURE_AUTORELEASING = YES;
				CLANG_WARN_BOOL_CONVERSION = YES;
				CLANG_WARN_COMMA = YES;
				CLANG_WARN_CONSTANT_CONVERSION = YES;
				CLANG_WARN_DEPRECATED_OBJC_IMPLEMENTATIONS = YES;
				CLANG_WARN_DIRECT_OBJC_ISA_USAGE = YES_ERROR;
				CLANG_WARN_DOCUMENTATION_COMMENTS = YES;
				CLANG_WARN_EMPTY_BODY = YES;
				CLANG_WARN_ENUM_CONVERSION = YES;
				CLANG_WARN_INFINITE_RECURSION = YES;
				CLANG_WARN_INT_CONVERSION = YES;
				CLANG_WARN_NON_LITERAL_NULL_CONVERSION = YES;
				CLANG_WARN_OBJC_IMPLICIT_RETAIN_SELF = YES;
				CLANG_WARN_OBJC_LITERAL_CONVERSION = YES;
				CLANG_WARN_OBJC_ROOT_CLASS = YES_ERROR;
				CLANG_WARN_QUOTED_INCLUDE_IN_FRAMEWORK_HEADER = YES;
				CLANG_WARN_RANGE_LOOP_ANALYSIS = YES;
				CLANG_WARN_STRICT_PROTOTYPES = YES;
				CLANG_WARN_SUSPICIOUS_MOVE = YES;
				CLANG_WARN_UNGUARDED_AVAILABILITY = YES_AGGRESSIVE;
				CLANG_WARN_UNREACHABLE_CODE = YES;
				CLANG_WARN__DUPLICATE_METHOD_MATCH = YES;
				COPY_PHASE_STRIP = NO;
				DEBUG_INFORMATION_FORMAT = "dwarf-with-dsym";
				ENABLE_NS_ASSERTIONS = NO;
				ENABLE_STRICT_OBJC_MSGSEND = YES;
				GCC_C_LANGUAGE_STANDARD = gnu11;
				GCC_NO_COMMON_BLOCKS = YES;
				GCC_WARN_64_TO_32_BIT_CONVERSION = YES;
				GCC_WARN_ABOUT_RETURN_TYPE = YES_ERROR;
				GCC_WARN_UNDECLARED_SELECTOR = YES;
				GCC_WARN_UNINITIALIZED_AUTOS = YES_AGGRESSIVE;
				GCC_WARN_UNUSED_FUNCTION = YES;
				GCC_WARN_UNUSED_VARIABLE = YES;
				MACOSX_DEPLOYMENT_TARGET = 12.3;
				MTL_ENABLE_DEBUG_INFO = NO;
				MTL_FAST_MATH = YES;
				SDKROOT = macosx;
				SWIFT_COMPILATION_MODE = wholemodule;
				SWIFT_OPTIMIZATION_LEVEL = "-O";
			};
			name = Release;
		};
		360D566D28B746B40053966F /* Debug */ = {
			isa = XCBuildConfiguration;
			buildSettings = {
				CODE_SIGN_STYLE = Automatic;
				DEVELOPMENT_TEAM = 34HUZ9F98V;
				ENABLE_HARDENED_RUNTIME = YES;
				PRODUCT_NAME = "$(TARGET_NAME)";
				SWIFT_VERSION = 5.0;
			};
			name = Debug;
		};
		360D566E28B746B40053966F /* Release */ = {
			isa = XCBuildConfiguration;
			buildSettings = {
				CODE_SIGN_STYLE = Automatic;
				DEVELOPMENT_TEAM = 34HUZ9F98V;
				ENABLE_HARDENED_RUNTIME = YES;
				PRODUCT_NAME = "$(TARGET_NAME)";
				SWIFT_VERSION = 5.0;
			};
			name = Release;
		};
/* End XCBuildConfiguration section */

/* Begin XCConfigurationList section */
		360D566028B746B30053966F /* Build configuration list for PBXProject "sehong" */ = {
			isa = XCConfigurationList;
			buildConfigurations = (
				360D566A28B746B40053966F /* Debug */,
				360D566B28B746B40053966F /* Release */,
			);
			defaultConfigurationIsVisible = 0;
			defaultConfigurationName = Release;
		};
		360D566C28B746B40053966F /* Build configuration list for PBXNativeTarget "sehong" */ = {
			isa = XCConfigurationList;
			buildConfigurations = (
				360D566D28B746B40053966F /* Debug */,
				360D566E28B746B40053966F /* Release */,
			);
			defaultConfigurationIsVisible = 0;
			defaultConfigurationName = Release;
		};
/* End XCConfigurationList section */
	};
	rootObject = 360D565D28B746B30053966F /* Project object */;
}
